// !$*UTF8*$!
{
	archiveVersion = 1;
	classes = {
	};
	objectVersion = 46;
	objects = {

/* Begin PBXBuildFile section */
		39DBB9321DE43D5900D62925 /* SystemConfiguration.framework in Frameworks */ = {isa = PBXBuildFile; fileRef = 39DBB9311DE43D5900D62925 /* SystemConfiguration.framework */; };
		39DBB9341DE43D6600D62925 /* AVFoundation.framework in Frameworks */ = {isa = PBXBuildFile; fileRef = 39DBB9331DE43D6600D62925 /* AVFoundation.framework */; };
		966D42B71BDF674B0095913D /* libc++.tbd in Frameworks */ = {isa = PBXBuildFile; fileRef = 9620FB301BBAAF8A00DC15EF /* libc++.tbd */; };
		AB45B682775D96FA8E9C6E08 /* libPods-WhiteLabels-MobileAppLoginSample.a in Frameworks */ = {isa = PBXBuildFile; fileRef = 1171D945CC4F4056EA17FF2C /* libPods-WhiteLabels-MobileAppLoginSample.a */; };
		B0A16E162295333A005EC1DD /* main.m in Sources */ = {isa = PBXBuildFile; fileRef = B0A16E152295333A005EC1DD /* main.m */; };
		B0A16E1B2295334B005EC1DD /* Main.storyboard in Resources */ = {isa = PBXBuildFile; fileRef = B0A16E172295334B005EC1DD /* Main.storyboard */; };
		B0A16E1C2295334B005EC1DD /* LaunchScreen.storyboard in Resources */ = {isa = PBXBuildFile; fileRef = B0A16E192295334B005EC1DD /* LaunchScreen.storyboard */; };
		B0FB7DE4226750C100FB560E /* Config.m in Sources */ = {isa = PBXBuildFile; fileRef = B0FB7DE3226750C100FB560E /* Config.m */; };
		FEBBC0681C5F88270011001A /* AppDelegate.m in Sources */ = {isa = PBXBuildFile; fileRef = FEBBBFED1C5F88270011001A /* AppDelegate.m */; };
		FEC33C6D1DE43D3000F8EFF0 /* RegisterViewController.m in Sources */ = {isa = PBXBuildFile; fileRef = FEC33C6C1DE43D3000F8EFF0 /* RegisterViewController.m */; };
		FEC33C6F1DE444E500F8EFF0 /* Images.xcassets in Resources */ = {isa = PBXBuildFile; fileRef = FEC33C6E1DE444E500F8EFF0 /* Images.xcassets */; };
		FEC33C751DE4722800F8EFF0 /* Utils.m in Sources */ = {isa = PBXBuildFile; fileRef = FEC33C741DE4722800F8EFF0 /* Utils.m */; };
		FEC33C781DE48B8300F8EFF0 /* PinPadViewController.m in Sources */ = {isa = PBXBuildFile; fileRef = FEC33C771DE48B8300F8EFF0 /* PinPadViewController.m */; };
		FEC33C7B1DE5B79F00F8EFF0 /* SuccessfulViewController.m in Sources */ = {isa = PBXBuildFile; fileRef = FEC33C7A1DE5B79F00F8EFF0 /* SuccessfulViewController.m */; };
		FEC33C7E1DE5DFE000F8EFF0 /* LoginSuccessfulViewController.m in Sources */ = {isa = PBXBuildFile; fileRef = FEC33C7D1DE5DFE000F8EFF0 /* LoginSuccessfulViewController.m */; };
/* End PBXBuildFile section */

/* Begin PBXFileReference section */
		1171D945CC4F4056EA17FF2C /* libPods-WhiteLabels-MobileAppLoginSample.a */ = {isa = PBXFileReference; explicitFileType = archive.ar; includeInIndex = 0; path = "libPods-WhiteLabels-MobileAppLoginSample.a"; sourceTree = BUILT_PRODUCTS_DIR; };
		1554242F0D9254D1303A9A74 /* Pods-WhiteLabels-InAppLogin.adhoc.xcconfig */ = {isa = PBXFileReference; includeInIndex = 1; lastKnownFileType = text.xcconfig; name = "Pods-WhiteLabels-InAppLogin.adhoc.xcconfig"; path = "../Pods/Target Support Files/Pods-WhiteLabels-InAppLogin/Pods-WhiteLabels-InAppLogin.adhoc.xcconfig"; sourceTree = "<group>"; };
		16A57E743B1A519087997489 /* Pods-WhiteLabels-MobileAppLoginSample.qa.xcconfig */ = {isa = PBXFileReference; includeInIndex = 1; lastKnownFileType = text.xcconfig; name = "Pods-WhiteLabels-MobileAppLoginSample.qa.xcconfig"; path = "../Pods/Target Support Files/Pods-WhiteLabels-MobileAppLoginSample/Pods-WhiteLabels-MobileAppLoginSample.qa.xcconfig"; sourceTree = "<group>"; };
		2187D6FB4F8F5E6CD1A4B3DB /* Pods-WhiteLabels-MobileAppLoginSample.debug.xcconfig */ = {isa = PBXFileReference; includeInIndex = 1; lastKnownFileType = text.xcconfig; name = "Pods-WhiteLabels-MobileAppLoginSample.debug.xcconfig"; path = "../Pods/Target Support Files/Pods-WhiteLabels-MobileAppLoginSample/Pods-WhiteLabels-MobileAppLoginSample.debug.xcconfig"; sourceTree = "<group>"; };
		39BB1B9B1DE2FC2600F05831 /* Info.plist */ = {isa = PBXFileReference; fileEncoding = 4; lastKnownFileType = text.plist.xml; path = Info.plist; sourceTree = "<group>"; };
		39DBB9311DE43D5900D62925 /* SystemConfiguration.framework */ = {isa = PBXFileReference; lastKnownFileType = wrapper.framework; name = SystemConfiguration.framework; path = System/Library/Frameworks/SystemConfiguration.framework; sourceTree = SDKROOT; };
		39DBB9331DE43D6600D62925 /* AVFoundation.framework */ = {isa = PBXFileReference; lastKnownFileType = wrapper.framework; name = AVFoundation.framework; path = System/Library/Frameworks/AVFoundation.framework; sourceTree = SDKROOT; };
		449464FE13E2C3BA79BF120E /* Pods-WhiteLabels-MobileAppLoginSample.release.xcconfig */ = {isa = PBXFileReference; includeInIndex = 1; lastKnownFileType = text.xcconfig; name = "Pods-WhiteLabels-MobileAppLoginSample.release.xcconfig"; path = "../Pods/Target Support Files/Pods-WhiteLabels-MobileAppLoginSample/Pods-WhiteLabels-MobileAppLoginSample.release.xcconfig"; sourceTree = "<group>"; };
		521014CFDB288F3EF1205314 /* Pods-WhiteLabels-AuthSample.qa.xcconfig */ = {isa = PBXFileReference; includeInIndex = 1; lastKnownFileType = text.xcconfig; name = "Pods-WhiteLabels-AuthSample.qa.xcconfig"; path = "../Pods/Target Support Files/Pods-WhiteLabels-AuthSample/Pods-WhiteLabels-AuthSample.qa.xcconfig"; sourceTree = "<group>"; };
		5DF4C6B771AC7CADEFC20E69 /* Pods-WhiteLabels-MobileAppLoginSample.adhoc.xcconfig */ = {isa = PBXFileReference; includeInIndex = 1; lastKnownFileType = text.xcconfig; name = "Pods-WhiteLabels-MobileAppLoginSample.adhoc.xcconfig"; path = "../Pods/Target Support Files/Pods-WhiteLabels-MobileAppLoginSample/Pods-WhiteLabels-MobileAppLoginSample.adhoc.xcconfig"; sourceTree = "<group>"; };
		671E7BF1A1B22C1DFEEAA1F7 /* Pods-WhiteLabels-AuthSample.adhoc.xcconfig */ = {isa = PBXFileReference; includeInIndex = 1; lastKnownFileType = text.xcconfig; name = "Pods-WhiteLabels-AuthSample.adhoc.xcconfig"; path = "../Pods/Target Support Files/Pods-WhiteLabels-AuthSample/Pods-WhiteLabels-AuthSample.adhoc.xcconfig"; sourceTree = "<group>"; };
		6BA7F29195F2EEC3F13F0FB4 /* Pods-WhiteLabels-InAppLogin.release.xcconfig */ = {isa = PBXFileReference; includeInIndex = 1; lastKnownFileType = text.xcconfig; name = "Pods-WhiteLabels-InAppLogin.release.xcconfig"; path = "../Pods/Target Support Files/Pods-WhiteLabels-InAppLogin/Pods-WhiteLabels-InAppLogin.release.xcconfig"; sourceTree = "<group>"; };
		7170094E7E6E46EF61FBDB12 /* Pods-WhiteLabels-Milagro.debug.xcconfig */ = {isa = PBXFileReference; includeInIndex = 1; lastKnownFileType = text.xcconfig; name = "Pods-WhiteLabels-Milagro.debug.xcconfig"; path = "../Pods/Target Support Files/Pods-WhiteLabels-Milagro/Pods-WhiteLabels-Milagro.debug.xcconfig"; sourceTree = "<group>"; };
		7DC99479B7B6E3DD8A8B8D96 /* Pods-WhiteLabels-AuthSample.appstore.xcconfig */ = {isa = PBXFileReference; includeInIndex = 1; lastKnownFileType = text.xcconfig; name = "Pods-WhiteLabels-AuthSample.appstore.xcconfig"; path = "../Pods/Target Support Files/Pods-WhiteLabels-AuthSample/Pods-WhiteLabels-AuthSample.appstore.xcconfig"; sourceTree = "<group>"; };
		7F74D2863FB6EE1B16745CC1 /* Pods-WhiteLabels-MobileAppLoginSample.appstore.xcconfig */ = {isa = PBXFileReference; includeInIndex = 1; lastKnownFileType = text.xcconfig; name = "Pods-WhiteLabels-MobileAppLoginSample.appstore.xcconfig"; path = "../Pods/Target Support Files/Pods-WhiteLabels-MobileAppLoginSample/Pods-WhiteLabels-MobileAppLoginSample.appstore.xcconfig"; sourceTree = "<group>"; };
		9620FB301BBAAF8A00DC15EF /* libc++.tbd */ = {isa = PBXFileReference; lastKnownFileType = "sourcecode.text-based-dylib-definition"; name = "libc++.tbd"; path = "usr/lib/libc++.tbd"; sourceTree = SDKROOT; };
		966D42E51BDF674B0095913D /* In-App-Login.app */ = {isa = PBXFileReference; explicitFileType = wrapper.application; includeInIndex = 0; path = "In-App-Login.app"; sourceTree = BUILT_PRODUCTS_DIR; };
		9D95999DB87889960A98067B /* Pods-WhiteLabels-Milagro.appstore.xcconfig */ = {isa = PBXFileReference; includeInIndex = 1; lastKnownFileType = text.xcconfig; name = "Pods-WhiteLabels-Milagro.appstore.xcconfig"; path = "../Pods/Target Support Files/Pods-WhiteLabels-Milagro/Pods-WhiteLabels-Milagro.appstore.xcconfig"; sourceTree = "<group>"; };
		9EC44E1D7B08D9CFE7AC6067 /* Pods-WhiteLabels-InAppLogin.debug.xcconfig */ = {isa = PBXFileReference; includeInIndex = 1; lastKnownFileType = text.xcconfig; name = "Pods-WhiteLabels-InAppLogin.debug.xcconfig"; path = "../Pods/Target Support Files/Pods-WhiteLabels-InAppLogin/Pods-WhiteLabels-InAppLogin.debug.xcconfig"; sourceTree = "<group>"; };
		B047E1D0034A4CE74C66B318 /* Pods-WhiteLabels-InAppLogin.appstore.xcconfig */ = {isa = PBXFileReference; includeInIndex = 1; lastKnownFileType = text.xcconfig; name = "Pods-WhiteLabels-InAppLogin.appstore.xcconfig"; path = "../Pods/Target Support Files/Pods-WhiteLabels-InAppLogin/Pods-WhiteLabels-InAppLogin.appstore.xcconfig"; sourceTree = "<group>"; };
		B0A16E152295333A005EC1DD /* main.m */ = {isa = PBXFileReference; fileEncoding = 4; lastKnownFileType = sourcecode.c.objc; name = main.m; path = MobileAppLoginSample/main.m; sourceTree = "<group>"; };
		B0A16E182295334B005EC1DD /* Base */ = {isa = PBXFileReference; lastKnownFileType = file.storyboard; name = Base; path = MobileAppLoginSample/Base.lproj/Main.storyboard; sourceTree = "<group>"; };
		B0A16E1A2295334B005EC1DD /* Base */ = {isa = PBXFileReference; lastKnownFileType = file.storyboard; name = Base; path = MobileAppLoginSample/Base.lproj/LaunchScreen.storyboard; sourceTree = "<group>"; };
		B0C2E469225DFA2C00E614E1 /* MpinSdk.framework */ = {isa = PBXFileReference; lastKnownFileType = wrapper.framework; name = MpinSdk.framework; path = ../../MpinSdk.framework; sourceTree = "<group>"; };
		B0FB7DE2226750C100FB560E /* Config.h */ = {isa = PBXFileReference; lastKnownFileType = sourcecode.c.h; path = Config.h; sourceTree = "<group>"; };
		B0FB7DE3226750C100FB560E /* Config.m */ = {isa = PBXFileReference; lastKnownFileType = sourcecode.c.objc; path = Config.m; sourceTree = "<group>"; };
		CA3AEE1558AC5BC74C0BE871 /* Pods-WhiteLabels-InAppLogin.qa.xcconfig */ = {isa = PBXFileReference; includeInIndex = 1; lastKnownFileType = text.xcconfig; name = "Pods-WhiteLabels-InAppLogin.qa.xcconfig"; path = "../Pods/Target Support Files/Pods-WhiteLabels-InAppLogin/Pods-WhiteLabels-InAppLogin.qa.xcconfig"; sourceTree = "<group>"; };
		DA6042AA2F910A3D7087D0F0 /* Pods-WhiteLabels-Milagro.qa.xcconfig */ = {isa = PBXFileReference; includeInIndex = 1; lastKnownFileType = text.xcconfig; name = "Pods-WhiteLabels-Milagro.qa.xcconfig"; path = "../Pods/Target Support Files/Pods-WhiteLabels-Milagro/Pods-WhiteLabels-Milagro.qa.xcconfig"; sourceTree = "<group>"; };
		EC5396B59E8C37EE70022E2A /* Pods-WhiteLabels-AuthSample.release.xcconfig */ = {isa = PBXFileReference; includeInIndex = 1; lastKnownFileType = text.xcconfig; name = "Pods-WhiteLabels-AuthSample.release.xcconfig"; path = "../Pods/Target Support Files/Pods-WhiteLabels-AuthSample/Pods-WhiteLabels-AuthSample.release.xcconfig"; sourceTree = "<group>"; };
		ED4BBF1B6C25DC41D32FAEBC /* Pods-WhiteLabels-AuthSample.debug.xcconfig */ = {isa = PBXFileReference; includeInIndex = 1; lastKnownFileType = text.xcconfig; name = "Pods-WhiteLabels-AuthSample.debug.xcconfig"; path = "../Pods/Target Support Files/Pods-WhiteLabels-AuthSample/Pods-WhiteLabels-AuthSample.debug.xcconfig"; sourceTree = "<group>"; };
		F4783CAED134EAA73090B790 /* Pods-WhiteLabels-Milagro.release.xcconfig */ = {isa = PBXFileReference; includeInIndex = 1; lastKnownFileType = text.xcconfig; name = "Pods-WhiteLabels-Milagro.release.xcconfig"; path = "../Pods/Target Support Files/Pods-WhiteLabels-Milagro/Pods-WhiteLabels-Milagro.release.xcconfig"; sourceTree = "<group>"; };
		F5EBCFD978797205E0FC6E27 /* Pods-WhiteLabels-Milagro.adhoc.xcconfig */ = {isa = PBXFileReference; includeInIndex = 1; lastKnownFileType = text.xcconfig; name = "Pods-WhiteLabels-Milagro.adhoc.xcconfig"; path = "../Pods/Target Support Files/Pods-WhiteLabels-Milagro/Pods-WhiteLabels-Milagro.adhoc.xcconfig"; sourceTree = "<group>"; };
		FEBBBFEC1C5F88270011001A /* AppDelegate.h */ = {isa = PBXFileReference; fileEncoding = 4; lastKnownFileType = sourcecode.c.h; name = AppDelegate.h; path = ../src/AppDelegate.h; sourceTree = "<group>"; };
		FEBBBFED1C5F88270011001A /* AppDelegate.m */ = {isa = PBXFileReference; fileEncoding = 4; lastKnownFileType = sourcecode.c.objc; name = AppDelegate.m; path = ../src/AppDelegate.m; sourceTree = "<group>"; };
		FEC33C6B1DE43D3000F8EFF0 /* RegisterViewController.h */ = {isa = PBXFileReference; fileEncoding = 4; lastKnownFileType = sourcecode.c.h; name = RegisterViewController.h; path = ../src/RegisterViewController.h; sourceTree = "<group>"; };
		FEC33C6C1DE43D3000F8EFF0 /* RegisterViewController.m */ = {isa = PBXFileReference; fileEncoding = 4; lastKnownFileType = sourcecode.c.objc; lineEnding = 0; name = RegisterViewController.m; path = ../src/RegisterViewController.m; sourceTree = "<group>"; xcLanguageSpecificationIdentifier = xcode.lang.objc; };
		FEC33C6E1DE444E500F8EFF0 /* Images.xcassets */ = {isa = PBXFileReference; lastKnownFileType = folder.assetcatalog; path = Images.xcassets; sourceTree = "<group>"; };
		FEC33C731DE4722800F8EFF0 /* Utils.h */ = {isa = PBXFileReference; fileEncoding = 4; lastKnownFileType = sourcecode.c.h; name = Utils.h; path = ../src/Utils.h; sourceTree = "<group>"; };
		FEC33C741DE4722800F8EFF0 /* Utils.m */ = {isa = PBXFileReference; fileEncoding = 4; lastKnownFileType = sourcecode.c.objc; name = Utils.m; path = ../src/Utils.m; sourceTree = "<group>"; };
		FEC33C761DE48B8300F8EFF0 /* PinPadViewController.h */ = {isa = PBXFileReference; fileEncoding = 4; lastKnownFileType = sourcecode.c.h; name = PinPadViewController.h; path = ../src/PinPadViewController.h; sourceTree = "<group>"; };
		FEC33C771DE48B8300F8EFF0 /* PinPadViewController.m */ = {isa = PBXFileReference; fileEncoding = 4; lastKnownFileType = sourcecode.c.objc; lineEnding = 0; name = PinPadViewController.m; path = ../src/PinPadViewController.m; sourceTree = "<group>"; xcLanguageSpecificationIdentifier = xcode.lang.objc; };
		FEC33C791DE5B79F00F8EFF0 /* SuccessfulViewController.h */ = {isa = PBXFileReference; fileEncoding = 4; lastKnownFileType = sourcecode.c.h; name = SuccessfulViewController.h; path = ../src/SuccessfulViewController.h; sourceTree = "<group>"; };
		FEC33C7A1DE5B79F00F8EFF0 /* SuccessfulViewController.m */ = {isa = PBXFileReference; fileEncoding = 4; lastKnownFileType = sourcecode.c.objc; name = SuccessfulViewController.m; path = ../src/SuccessfulViewController.m; sourceTree = "<group>"; };
		FEC33C7C1DE5DFE000F8EFF0 /* LoginSuccessfulViewController.h */ = {isa = PBXFileReference; fileEncoding = 4; lastKnownFileType = sourcecode.c.h; name = LoginSuccessfulViewController.h; path = ../src/LoginSuccessfulViewController.h; sourceTree = "<group>"; };
		FEC33C7D1DE5DFE000F8EFF0 /* LoginSuccessfulViewController.m */ = {isa = PBXFileReference; fileEncoding = 4; lastKnownFileType = sourcecode.c.objc; name = LoginSuccessfulViewController.m; path = ../src/LoginSuccessfulViewController.m; sourceTree = "<group>"; };
/* End PBXFileReference section */

/* Begin PBXFrameworksBuildPhase section */
		966D42B61BDF674B0095913D /* Frameworks */ = {
			isa = PBXFrameworksBuildPhase;
			buildActionMask = 2147483647;
			files = (
				39DBB9341DE43D6600D62925 /* AVFoundation.framework in Frameworks */,
				39DBB9321DE43D5900D62925 /* SystemConfiguration.framework in Frameworks */,
				966D42B71BDF674B0095913D /* libc++.tbd in Frameworks */,
				AB45B682775D96FA8E9C6E08 /* libPods-WhiteLabels-MobileAppLoginSample.a in Frameworks */,
			);
			runOnlyForDeploymentPostprocessing = 0;
		};
/* End PBXFrameworksBuildPhase section */

/* Begin PBXGroup section */
		81CD8D8F9FA244C998C416A2 /* Pods */ = {
			isa = PBXGroup;
			children = (
				7170094E7E6E46EF61FBDB12 /* Pods-WhiteLabels-Milagro.debug.xcconfig */,
				DA6042AA2F910A3D7087D0F0 /* Pods-WhiteLabels-Milagro.qa.xcconfig */,
				F4783CAED134EAA73090B790 /* Pods-WhiteLabels-Milagro.release.xcconfig */,
				9D95999DB87889960A98067B /* Pods-WhiteLabels-Milagro.appstore.xcconfig */,
				F5EBCFD978797205E0FC6E27 /* Pods-WhiteLabels-Milagro.adhoc.xcconfig */,
				ED4BBF1B6C25DC41D32FAEBC /* Pods-WhiteLabels-AuthSample.debug.xcconfig */,
				521014CFDB288F3EF1205314 /* Pods-WhiteLabels-AuthSample.qa.xcconfig */,
				EC5396B59E8C37EE70022E2A /* Pods-WhiteLabels-AuthSample.release.xcconfig */,
				7DC99479B7B6E3DD8A8B8D96 /* Pods-WhiteLabels-AuthSample.appstore.xcconfig */,
				671E7BF1A1B22C1DFEEAA1F7 /* Pods-WhiteLabels-AuthSample.adhoc.xcconfig */,
				9EC44E1D7B08D9CFE7AC6067 /* Pods-WhiteLabels-InAppLogin.debug.xcconfig */,
				CA3AEE1558AC5BC74C0BE871 /* Pods-WhiteLabels-InAppLogin.qa.xcconfig */,
				6BA7F29195F2EEC3F13F0FB4 /* Pods-WhiteLabels-InAppLogin.release.xcconfig */,
				B047E1D0034A4CE74C66B318 /* Pods-WhiteLabels-InAppLogin.appstore.xcconfig */,
				1554242F0D9254D1303A9A74 /* Pods-WhiteLabels-InAppLogin.adhoc.xcconfig */,
				2187D6FB4F8F5E6CD1A4B3DB /* Pods-WhiteLabels-MobileAppLoginSample.debug.xcconfig */,
				16A57E743B1A519087997489 /* Pods-WhiteLabels-MobileAppLoginSample.qa.xcconfig */,
				449464FE13E2C3BA79BF120E /* Pods-WhiteLabels-MobileAppLoginSample.release.xcconfig */,
				7F74D2863FB6EE1B16745CC1 /* Pods-WhiteLabels-MobileAppLoginSample.appstore.xcconfig */,
				5DF4C6B771AC7CADEFC20E69 /* Pods-WhiteLabels-MobileAppLoginSample.adhoc.xcconfig */,
			);
			name = Pods;
			sourceTree = "<group>";
		};
		FE49000E1A1A3CEB000030A4 = {
			isa = PBXGroup;
			children = (
				B0FB7DE2226750C100FB560E /* Config.h */,
				B0FB7DE3226750C100FB560E /* Config.m */,
				FEC33C731DE4722800F8EFF0 /* Utils.h */,
				FEC33C741DE4722800F8EFF0 /* Utils.m */,
				FEC33C6E1DE444E500F8EFF0 /* Images.xcassets */,
				39BB1B9B1DE2FC2600F05831 /* Info.plist */,
				B0A16E152295333A005EC1DD /* main.m */,
				FEBBBFEC1C5F88270011001A /* AppDelegate.h */,
				FEBBBFED1C5F88270011001A /* AppDelegate.m */,
				FEC33C6B1DE43D3000F8EFF0 /* RegisterViewController.h */,
				FEC33C6C1DE43D3000F8EFF0 /* RegisterViewController.m */,
				FEC33C761DE48B8300F8EFF0 /* PinPadViewController.h */,
				FEC33C771DE48B8300F8EFF0 /* PinPadViewController.m */,
				FEC33C791DE5B79F00F8EFF0 /* SuccessfulViewController.h */,
				FEC33C7A1DE5B79F00F8EFF0 /* SuccessfulViewController.m */,
				FEC33C7C1DE5DFE000F8EFF0 /* LoginSuccessfulViewController.h */,
				FEC33C7D1DE5DFE000F8EFF0 /* LoginSuccessfulViewController.m */,
				B0A16E192295334B005EC1DD /* LaunchScreen.storyboard */,
				B0A16E172295334B005EC1DD /* Main.storyboard */,
				FE4900191A1A3CEB000030A4 /* Frameworks */,
				FE4900181A1A3CEB000030A4 /* Products */,
				81CD8D8F9FA244C998C416A2 /* Pods */,
			);
			sourceTree = "<group>";
		};
		FE4900181A1A3CEB000030A4 /* Products */ = {
			isa = PBXGroup;
			children = (
				966D42E51BDF674B0095913D /* In-App-Login.app */,
			);
			name = Products;
			sourceTree = "<group>";
		};
		FE4900191A1A3CEB000030A4 /* Frameworks */ = {
			isa = PBXGroup;
			children = (
				B0C2E469225DFA2C00E614E1 /* MpinSdk.framework */,
				39DBB9331DE43D6600D62925 /* AVFoundation.framework */,
				39DBB9311DE43D5900D62925 /* SystemConfiguration.framework */,
				9620FB301BBAAF8A00DC15EF /* libc++.tbd */,
				1171D945CC4F4056EA17FF2C /* libPods-WhiteLabels-MobileAppLoginSample.a */,
			);
			name = Frameworks;
			sourceTree = "<group>";
		};
/* End PBXGroup section */

/* Begin PBXNativeTarget section */
		966D42821BDF674B0095913D /* MobileAppLoginSample */ = {
			isa = PBXNativeTarget;
			buildConfigurationList = 966D42DF1BDF674B0095913D /* Build configuration list for PBXNativeTarget "MobileAppLoginSample" */;
			buildPhases = (
				106D9C3F51C8C5E02B7C37B1 /* [CP] Check Pods Manifest.lock */,
				966D42851BDF674B0095913D /* Sources */,
				966D42B61BDF674B0095913D /* Frameworks */,
				966D42C61BDF674B0095913D /* Resources */,
				7854A39C6773C7B261922C0E /* [CP] Embed Pods Frameworks */,
			);
			buildRules = (
			);
			dependencies = (
			);
			name = MobileAppLoginSample;
			productName = MPinApp;
			productReference = 966D42E51BDF674B0095913D /* In-App-Login.app */;
			productType = "com.apple.product-type.application";
		};
/* End PBXNativeTarget section */

/* Begin PBXProject section */
		FE49000F1A1A3CEB000030A4 /* Project object */ = {
			isa = PBXProject;
			attributes = {
				LastUpgradeCheck = 1020;
				ORGANIZATIONNAME = MIRACL;
				TargetAttributes = {
					966D42821BDF674B0095913D = {
						DevelopmentTeam = WF6XYF7P2L;
						ProvisioningStyle = Automatic;
						SystemCapabilities = {
							com.apple.BackgroundModes = {
								enabled = 0;
							};
							com.apple.Push = {
								enabled = 0;
							};
						};
					};
				};
			};
			buildConfigurationList = FE4900121A1A3CEB000030A4 /* Build configuration list for PBXProject "MobileAppLoginSample" */;
			compatibilityVersion = "Xcode 3.2";
			developmentRegion = en;
			hasScannedForEncodings = 0;
			knownRegions = (
				en,
				Base,
				ja,
			);
			mainGroup = FE49000E1A1A3CEB000030A4;
			productRefGroup = FE4900181A1A3CEB000030A4 /* Products */;
			projectDirPath = "";
			projectRoot = "";
			targets = (
				966D42821BDF674B0095913D /* MobileAppLoginSample */,
			);
		};
/* End PBXProject section */

/* Begin PBXResourcesBuildPhase section */
		966D42C61BDF674B0095913D /* Resources */ = {
			isa = PBXResourcesBuildPhase;
			buildActionMask = 2147483647;
			files = (
				B0A16E1C2295334B005EC1DD /* LaunchScreen.storyboard in Resources */,
				FEC33C6F1DE444E500F8EFF0 /* Images.xcassets in Resources */,
				B0A16E1B2295334B005EC1DD /* Main.storyboard in Resources */,
			);
			runOnlyForDeploymentPostprocessing = 0;
		};
/* End PBXResourcesBuildPhase section */

/* Begin PBXShellScriptBuildPhase section */
		106D9C3F51C8C5E02B7C37B1 /* [CP] Check Pods Manifest.lock */ = {
			isa = PBXShellScriptBuildPhase;
			buildActionMask = 2147483647;
			files = (
			);
			inputPaths = (
				"${PODS_PODFILE_DIR_PATH}/Podfile.lock",
				"${PODS_ROOT}/Manifest.lock",
			);
			name = "[CP] Check Pods Manifest.lock";
			outputPaths = (
				"$(DERIVED_FILE_DIR)/Pods-WhiteLabels-MobileAppLoginSample-checkManifestLockResult.txt",
			);
			runOnlyForDeploymentPostprocessing = 0;
			shellPath = /bin/sh;
			shellScript = "diff \"${PODS_PODFILE_DIR_PATH}/Podfile.lock\" \"${PODS_ROOT}/Manifest.lock\" > /dev/null\nif [ $? != 0 ] ; then\n    # print error to STDERR\n    echo \"error: The sandbox is not in sync with the Podfile.lock. Run 'pod install' or update your CocoaPods installation.\" >&2\n    exit 1\nfi\n# This output is used by Xcode 'outputs' to avoid re-running this script phase.\necho \"SUCCESS\" > \"${SCRIPT_OUTPUT_FILE_0}\"\n";
			showEnvVarsInLog = 0;
		};
		7854A39C6773C7B261922C0E /* [CP] Embed Pods Frameworks */ = {
			isa = PBXShellScriptBuildPhase;
			buildActionMask = 2147483647;
			files = (
			);
			inputPaths = (
				"${PODS_ROOT}/Target Support Files/Pods-WhiteLabels-MobileAppLoginSample/Pods-WhiteLabels-MobileAppLoginSample-frameworks.sh",
				"${PODS_ROOT}/MfaSdk/MfaSdk.framework",
				"${PODS_ROOT}/MfaSdk/MpinCoreLib.framework",
			);
			name = "[CP] Embed Pods Frameworks";
			outputPaths = (
				"${TARGET_BUILD_DIR}/${FRAMEWORKS_FOLDER_PATH}/MfaSdk.framework",
				"${TARGET_BUILD_DIR}/${FRAMEWORKS_FOLDER_PATH}/MpinCoreLib.framework",
			);
			runOnlyForDeploymentPostprocessing = 0;
			shellPath = /bin/sh;
			shellScript = "\"${PODS_ROOT}/Target Support Files/Pods-WhiteLabels-MobileAppLoginSample/Pods-WhiteLabels-MobileAppLoginSample-frameworks.sh\"\n";
			showEnvVarsInLog = 0;
		};
/* End PBXShellScriptBuildPhase section */

/* Begin PBXSourcesBuildPhase section */
		966D42851BDF674B0095913D /* Sources */ = {
			isa = PBXSourcesBuildPhase;
			buildActionMask = 2147483647;
			files = (
				FEBBC0681C5F88270011001A /* AppDelegate.m in Sources */,
				FEC33C7E1DE5DFE000F8EFF0 /* LoginSuccessfulViewController.m in Sources */,
				FEC33C7B1DE5B79F00F8EFF0 /* SuccessfulViewController.m in Sources */,
				FEC33C751DE4722800F8EFF0 /* Utils.m in Sources */,
				FEC33C781DE48B8300F8EFF0 /* PinPadViewController.m in Sources */,
				B0FB7DE4226750C100FB560E /* Config.m in Sources */,
				B0A16E162295333A005EC1DD /* main.m in Sources */,
				FEC33C6D1DE43D3000F8EFF0 /* RegisterViewController.m in Sources */,
			);
			runOnlyForDeploymentPostprocessing = 0;
		};
/* End PBXSourcesBuildPhase section */

/* Begin PBXVariantGroup section */
		B0A16E172295334B005EC1DD /* Main.storyboard */ = {
			isa = PBXVariantGroup;
			children = (
				B0A16E182295334B005EC1DD /* Base */,
			);
			name = Main.storyboard;
			sourceTree = "<group>";
		};
		B0A16E192295334B005EC1DD /* LaunchScreen.storyboard */ = {
			isa = PBXVariantGroup;
			children = (
				B0A16E1A2295334B005EC1DD /* Base */,
			);
			name = LaunchScreen.storyboard;
			sourceTree = "<group>";
		};
/* End PBXVariantGroup section */

/* Begin XCBuildConfiguration section */
		9660534D1ACD38B60003DE7D /* AppStore */ = {
			isa = XCBuildConfiguration;
			buildSettings = {
				ALWAYS_SEARCH_USER_PATHS = NO;
				CLANG_ANALYZER_LOCALIZABILITY_NONLOCALIZED = YES;
				CLANG_CXX_LANGUAGE_STANDARD = "gnu++0x";
				CLANG_CXX_LIBRARY = "libc++";
				CLANG_ENABLE_MODULES = YES;
				CLANG_ENABLE_OBJC_ARC = YES;
				CLANG_WARN_BLOCK_CAPTURE_AUTORELEASING = YES;
				CLANG_WARN_BOOL_CONVERSION = YES;
				CLANG_WARN_COMMA = YES;
				CLANG_WARN_CONSTANT_CONVERSION = YES;
				CLANG_WARN_DEPRECATED_OBJC_IMPLEMENTATIONS = YES;
				CLANG_WARN_DIRECT_OBJC_ISA_USAGE = YES_ERROR;
				CLANG_WARN_EMPTY_BODY = YES;
				CLANG_WARN_ENUM_CONVERSION = YES;
				CLANG_WARN_INFINITE_RECURSION = YES;
				CLANG_WARN_INT_CONVERSION = YES;
				CLANG_WARN_NON_LITERAL_NULL_CONVERSION = YES;
				CLANG_WARN_OBJC_IMPLICIT_RETAIN_SELF = YES;
				CLANG_WARN_OBJC_LITERAL_CONVERSION = YES;
				CLANG_WARN_OBJC_ROOT_CLASS = YES_ERROR;
				CLANG_WARN_RANGE_LOOP_ANALYSIS = YES;
				CLANG_WARN_STRICT_PROTOTYPES = YES;
				CLANG_WARN_SUSPICIOUS_MOVE = YES;
				CLANG_WARN_UNREACHABLE_CODE = YES;
				CLANG_WARN__DUPLICATE_METHOD_MATCH = YES;
				"CODE_SIGN_IDENTITY[sdk=iphoneos*]" = "";
				COPY_PHASE_STRIP = YES;
				ENABLE_NS_ASSERTIONS = NO;
				ENABLE_STRICT_OBJC_MSGSEND = YES;
				GCC_C_LANGUAGE_STANDARD = gnu99;
				GCC_NO_COMMON_BLOCKS = YES;
				GCC_WARN_64_TO_32_BIT_CONVERSION = YES;
				GCC_WARN_ABOUT_RETURN_TYPE = YES_ERROR;
				GCC_WARN_UNDECLARED_SELECTOR = YES;
				GCC_WARN_UNINITIALIZED_AUTOS = YES_AGGRESSIVE;
				GCC_WARN_UNUSED_FUNCTION = YES;
				GCC_WARN_UNUSED_VARIABLE = YES;
				IPHONEOS_DEPLOYMENT_TARGET = 12.0;
				OTHER_LDFLAGS = "";
				SDKROOT = iphoneos;
				TARGETED_DEVICE_FAMILY = "1,2";
				USER_HEADER_SEARCH_PATHS = "";
				VALIDATE_PRODUCT = YES;
				VALID_ARCHS = "$(ARCHS_STANDARD)";
			};
			name = AppStore;
		};
		966053511ACD38C00003DE7D /* AdHoc */ = {
			isa = XCBuildConfiguration;
			buildSettings = {
				ALWAYS_SEARCH_USER_PATHS = NO;
				CLANG_ANALYZER_LOCALIZABILITY_NONLOCALIZED = YES;
				CLANG_CXX_LANGUAGE_STANDARD = "gnu++0x";
				CLANG_CXX_LIBRARY = "libc++";
				CLANG_ENABLE_MODULES = YES;
				CLANG_ENABLE_OBJC_ARC = YES;
				CLANG_WARN_BLOCK_CAPTURE_AUTORELEASING = YES;
				CLANG_WARN_BOOL_CONVERSION = YES;
				CLANG_WARN_COMMA = YES;
				CLANG_WARN_CONSTANT_CONVERSION = YES;
				CLANG_WARN_DEPRECATED_OBJC_IMPLEMENTATIONS = YES;
				CLANG_WARN_DIRECT_OBJC_ISA_USAGE = YES_ERROR;
				CLANG_WARN_EMPTY_BODY = YES;
				CLANG_WARN_ENUM_CONVERSION = YES;
				CLANG_WARN_INFINITE_RECURSION = YES;
				CLANG_WARN_INT_CONVERSION = YES;
				CLANG_WARN_NON_LITERAL_NULL_CONVERSION = YES;
				CLANG_WARN_OBJC_IMPLICIT_RETAIN_SELF = YES;
				CLANG_WARN_OBJC_LITERAL_CONVERSION = YES;
				CLANG_WARN_OBJC_ROOT_CLASS = YES_ERROR;
				CLANG_WARN_RANGE_LOOP_ANALYSIS = YES;
				CLANG_WARN_STRICT_PROTOTYPES = YES;
				CLANG_WARN_SUSPICIOUS_MOVE = YES;
				CLANG_WARN_UNREACHABLE_CODE = YES;
				CLANG_WARN__DUPLICATE_METHOD_MATCH = YES;
				"CODE_SIGN_IDENTITY[sdk=iphoneos*]" = "iPhone Developer";
				COPY_PHASE_STRIP = YES;
				ENABLE_NS_ASSERTIONS = NO;
				ENABLE_STRICT_OBJC_MSGSEND = YES;
				GCC_C_LANGUAGE_STANDARD = gnu99;
				GCC_NO_COMMON_BLOCKS = YES;
				GCC_WARN_64_TO_32_BIT_CONVERSION = YES;
				GCC_WARN_ABOUT_RETURN_TYPE = YES_ERROR;
				GCC_WARN_UNDECLARED_SELECTOR = YES;
				GCC_WARN_UNINITIALIZED_AUTOS = YES_AGGRESSIVE;
				GCC_WARN_UNUSED_FUNCTION = YES;
				GCC_WARN_UNUSED_VARIABLE = YES;
				IPHONEOS_DEPLOYMENT_TARGET = 12.0;
				OTHER_LDFLAGS = "";
				SDKROOT = iphoneos;
				TARGETED_DEVICE_FAMILY = "1,2";
				USER_HEADER_SEARCH_PATHS = "";
				VALIDATE_PRODUCT = YES;
				VALID_ARCHS = "$(ARCHS_STANDARD)";
			};
			name = AdHoc;
		};
		966D42E01BDF674B0095913D /* Debug */ = {
			isa = XCBuildConfiguration;
			baseConfigurationReference = 2187D6FB4F8F5E6CD1A4B3DB /* Pods-WhiteLabels-MobileAppLoginSample.debug.xcconfig */;
			buildSettings = {
				ALWAYS_SEARCH_USER_PATHS = YES;
				ASSETCATALOG_COMPILER_APPICON_NAME = AppIcon;
				ASSETCATALOG_COMPILER_LAUNCHIMAGE_NAME = LaunchImage;
				CODE_SIGN_IDENTITY = "iPhone Developer";
				"CODE_SIGN_IDENTITY[sdk=iphoneos*]" = "iPhone Developer";
				CURRENT_PROJECT_VERSION = 99;
				DEVELOPMENT_TEAM = "";
				ENABLE_BITCODE = NO;
				FRAMEWORK_SEARCH_PATHS = "$(inherited)";
				GCC_PRECOMPILE_PREFIX_HEADER = YES;
				GCC_PREFIX_HEADER = "MobileAppLoginSample/MobileAppLoginSample-Prefix.pch";
				GCC_PREPROCESSOR_DEFINITIONS = (
					"$(inherited)",
					"NOTIFICATIONS=1",
				);
				HEADER_SEARCH_PATHS = "$(inherited)/**";
				INFOPLIST_FILE = "$(SRCROOT)/Info.plist";
				IPHONEOS_DEPLOYMENT_TARGET = 12.0;
				LD_RUNPATH_SEARCH_PATHS = "$(inherited) @executable_path/Frameworks";
				LIBRARY_SEARCH_PATHS = "$(inherited)";
				New_Setting = "";
				PRODUCT_BUNDLE_IDENTIFIER = com.miracl.sampleapp;
				PRODUCT_NAME = "In-App-Login";
				PROVISIONING_PROFILE = "";
				PROVISIONING_PROFILE_SPECIFIER = "";
				TARGETED_DEVICE_FAMILY = 1;
				USER_HEADER_SEARCH_PATHS = "../../**";
				VERSIONING_SYSTEM = "apple-generic";
				WRAPPER_EXTENSION = app;
			};
			name = Debug;
		};
		966D42E21BDF674B0095913D /* Release */ = {
			isa = XCBuildConfiguration;
			baseConfigurationReference = 449464FE13E2C3BA79BF120E /* Pods-WhiteLabels-MobileAppLoginSample.release.xcconfig */;
			buildSettings = {
				ALWAYS_SEARCH_USER_PATHS = YES;
				ASSETCATALOG_COMPILER_APPICON_NAME = AppIcon;
				ASSETCATALOG_COMPILER_LAUNCHIMAGE_NAME = LaunchImage;
				CODE_SIGN_IDENTITY = "iPhone Developer";
				"CODE_SIGN_IDENTITY[sdk=iphoneos*]" = "iPhone Developer";
				CURRENT_PROJECT_VERSION = 99;
				DEVELOPMENT_TEAM = "";
				ENABLE_BITCODE = NO;
				FRAMEWORK_SEARCH_PATHS = "$(inherited)";
				GCC_PRECOMPILE_PREFIX_HEADER = YES;
				GCC_PREFIX_HEADER = "MobileAppLoginSample/MobileAppLoginSample-Prefix.pch";
				GCC_PREPROCESSOR_DEFINITIONS = (
					"$(inherited)",
					"NOTIFICATIONS=1",
				);
				HEADER_SEARCH_PATHS = "$(inherited)/**";
				INFOPLIST_FILE = "$(SRCROOT)/Info.plist";
				IPHONEOS_DEPLOYMENT_TARGET = 12.0;
				LD_RUNPATH_SEARCH_PATHS = "$(inherited) @executable_path/Frameworks";
				LIBRARY_SEARCH_PATHS = "$(inherited)";
				New_Setting = "";
				PRODUCT_BUNDLE_IDENTIFIER = com.miracl.sampleapp;
				PRODUCT_NAME = "In-App-Login";
				PROVISIONING_PROFILE = "";
				PROVISIONING_PROFILE_SPECIFIER = "";
				TARGETED_DEVICE_FAMILY = 1;
				USER_HEADER_SEARCH_PATHS = "../../**";
				VERSIONING_SYSTEM = "apple-generic";
				WRAPPER_EXTENSION = app;
			};
			name = Release;
		};
		966D42E31BDF674B0095913D /* AppStore */ = {
			isa = XCBuildConfiguration;
			baseConfigurationReference = 7F74D2863FB6EE1B16745CC1 /* Pods-WhiteLabels-MobileAppLoginSample.appstore.xcconfig */;
			buildSettings = {
				ALWAYS_SEARCH_USER_PATHS = YES;
				ASSETCATALOG_COMPILER_APPICON_NAME = AppIcon;
				ASSETCATALOG_COMPILER_LAUNCHIMAGE_NAME = LaunchImage;
				CODE_SIGN_IDENTITY = "iPhone Distribution";
				"CODE_SIGN_IDENTITY[sdk=iphoneos*]" = "iPhone Distribution";
				CURRENT_PROJECT_VERSION = 99;
				DEVELOPMENT_TEAM = "";
				ENABLE_BITCODE = NO;
				FRAMEWORK_SEARCH_PATHS = "$(inherited)";
				GCC_PRECOMPILE_PREFIX_HEADER = YES;
				GCC_PREFIX_HEADER = "MobileAppLoginSample/MobileAppLoginSample-Prefix.pch";
				GCC_PREPROCESSOR_DEFINITIONS = (
					"$(inherited)",
					"NOTIFICATIONS=1",
				);
				HEADER_SEARCH_PATHS = "$(inherited)/**";
				INFOPLIST_FILE = "$(SRCROOT)/Info.plist";
				IPHONEOS_DEPLOYMENT_TARGET = 12.0;
				LD_RUNPATH_SEARCH_PATHS = "$(inherited) @executable_path/Frameworks";
				LIBRARY_SEARCH_PATHS = "$(inherited)";
				New_Setting = "";
				PRODUCT_BUNDLE_IDENTIFIER = com.miracl.sampleapp;
				PRODUCT_NAME = "In-App-Login";
				PROVISIONING_PROFILE_SPECIFIER = "";
				TARGETED_DEVICE_FAMILY = 1;
				USER_HEADER_SEARCH_PATHS = "../../**";
				VERSIONING_SYSTEM = "apple-generic";
				WRAPPER_EXTENSION = app;
			};
			name = AppStore;
		};
		966D42E41BDF674B0095913D /* AdHoc */ = {
			isa = XCBuildConfiguration;
			baseConfigurationReference = 5DF4C6B771AC7CADEFC20E69 /* Pods-WhiteLabels-MobileAppLoginSample.adhoc.xcconfig */;
			buildSettings = {
				ALWAYS_SEARCH_USER_PATHS = YES;
				ASSETCATALOG_COMPILER_APPICON_NAME = AppIcon;
				ASSETCATALOG_COMPILER_LAUNCHIMAGE_NAME = LaunchImage;
				CODE_SIGN_IDENTITY = "iPhone Developer";
				"CODE_SIGN_IDENTITY[sdk=iphoneos*]" = "iPhone Developer";
				CURRENT_PROJECT_VERSION = 99;
				DEVELOPMENT_TEAM = "";
				ENABLE_BITCODE = NO;
				FRAMEWORK_SEARCH_PATHS = "$(inherited)";
				GCC_PRECOMPILE_PREFIX_HEADER = YES;
				GCC_PREFIX_HEADER = "MobileAppLoginSample/MobileAppLoginSample-Prefix.pch";
				GCC_PREPROCESSOR_DEFINITIONS = (
					"$(inherited)",
					"NOTIFICATIONS=1",
				);
				HEADER_SEARCH_PATHS = "$(inherited)/**";
				INFOPLIST_FILE = "$(SRCROOT)/Info.plist";
				IPHONEOS_DEPLOYMENT_TARGET = 12.0;
				LD_RUNPATH_SEARCH_PATHS = "$(inherited) @executable_path/Frameworks";
				LIBRARY_SEARCH_PATHS = "$(inherited)";
				New_Setting = "";
				PRODUCT_BUNDLE_IDENTIFIER = com.miracl.sampleapp;
				PRODUCT_NAME = "In-App-Login";
				PROVISIONING_PROFILE_SPECIFIER = "";
				TARGETED_DEVICE_FAMILY = 1;
				USER_HEADER_SEARCH_PATHS = "../../**";
				VERSIONING_SYSTEM = "apple-generic";
				WRAPPER_EXTENSION = app;
			};
			name = AdHoc;
		};
		969D25B01ACD331C0035294E /* Release */ = {
			isa = XCBuildConfiguration;
			buildSettings = {
				ALWAYS_SEARCH_USER_PATHS = NO;
				CLANG_ANALYZER_LOCALIZABILITY_NONLOCALIZED = YES;
				CLANG_CXX_LANGUAGE_STANDARD = "gnu++0x";
				CLANG_CXX_LIBRARY = "libc++";
				CLANG_ENABLE_MODULES = YES;
				CLANG_ENABLE_OBJC_ARC = YES;
				CLANG_WARN_BLOCK_CAPTURE_AUTORELEASING = YES;
				CLANG_WARN_BOOL_CONVERSION = YES;
				CLANG_WARN_COMMA = YES;
				CLANG_WARN_CONSTANT_CONVERSION = YES;
				CLANG_WARN_DEPRECATED_OBJC_IMPLEMENTATIONS = YES;
				CLANG_WARN_DIRECT_OBJC_ISA_USAGE = YES_ERROR;
				CLANG_WARN_EMPTY_BODY = YES;
				CLANG_WARN_ENUM_CONVERSION = YES;
				CLANG_WARN_INFINITE_RECURSION = YES;
				CLANG_WARN_INT_CONVERSION = YES;
				CLANG_WARN_NON_LITERAL_NULL_CONVERSION = YES;
				CLANG_WARN_OBJC_IMPLICIT_RETAIN_SELF = YES;
				CLANG_WARN_OBJC_LITERAL_CONVERSION = YES;
				CLANG_WARN_OBJC_ROOT_CLASS = YES_ERROR;
				CLANG_WARN_RANGE_LOOP_ANALYSIS = YES;
				CLANG_WARN_STRICT_PROTOTYPES = YES;
				CLANG_WARN_SUSPICIOUS_MOVE = YES;
				CLANG_WARN_UNREACHABLE_CODE = YES;
				CLANG_WARN__DUPLICATE_METHOD_MATCH = YES;
				"CODE_SIGN_IDENTITY[sdk=iphoneos*]" = "iPhone Developer";
				COPY_PHASE_STRIP = YES;
				ENABLE_NS_ASSERTIONS = NO;
				ENABLE_STRICT_OBJC_MSGSEND = YES;
				GCC_C_LANGUAGE_STANDARD = gnu99;
				GCC_NO_COMMON_BLOCKS = YES;
				GCC_WARN_64_TO_32_BIT_CONVERSION = YES;
				GCC_WARN_ABOUT_RETURN_TYPE = YES_ERROR;
				GCC_WARN_UNDECLARED_SELECTOR = YES;
				GCC_WARN_UNINITIALIZED_AUTOS = YES_AGGRESSIVE;
				GCC_WARN_UNUSED_FUNCTION = YES;
				GCC_WARN_UNUSED_VARIABLE = YES;
				IPHONEOS_DEPLOYMENT_TARGET = 12.0;
				OTHER_LDFLAGS = "";
				SDKROOT = iphoneos;
				TARGETED_DEVICE_FAMILY = "1,2";
				USER_HEADER_SEARCH_PATHS = "";
				VALIDATE_PRODUCT = YES;
				VALID_ARCHS = "$(ARCHS_STANDARD)";
			};
			name = Release;
		};
		96CB435D1D129A3D00552745 /* QA */ = {
			isa = XCBuildConfiguration;
			buildSettings = {
				ALWAYS_SEARCH_USER_PATHS = NO;
				CLANG_ANALYZER_LOCALIZABILITY_NONLOCALIZED = YES;
				CLANG_CXX_LANGUAGE_STANDARD = "gnu++0x";
				CLANG_CXX_LIBRARY = "libc++";
				CLANG_ENABLE_MODULES = YES;
				CLANG_ENABLE_OBJC_ARC = YES;
				CLANG_WARN_BLOCK_CAPTURE_AUTORELEASING = YES;
				CLANG_WARN_BOOL_CONVERSION = YES;
				CLANG_WARN_COMMA = YES;
				CLANG_WARN_CONSTANT_CONVERSION = YES;
				CLANG_WARN_DEPRECATED_OBJC_IMPLEMENTATIONS = YES;
				CLANG_WARN_DIRECT_OBJC_ISA_USAGE = YES_ERROR;
				CLANG_WARN_EMPTY_BODY = YES;
				CLANG_WARN_ENUM_CONVERSION = YES;
				CLANG_WARN_INFINITE_RECURSION = YES;
				CLANG_WARN_INT_CONVERSION = YES;
				CLANG_WARN_NON_LITERAL_NULL_CONVERSION = YES;
				CLANG_WARN_OBJC_IMPLICIT_RETAIN_SELF = YES;
				CLANG_WARN_OBJC_LITERAL_CONVERSION = YES;
				CLANG_WARN_OBJC_ROOT_CLASS = YES_ERROR;
				CLANG_WARN_RANGE_LOOP_ANALYSIS = YES;
				CLANG_WARN_STRICT_PROTOTYPES = YES;
				CLANG_WARN_SUSPICIOUS_MOVE = YES;
				CLANG_WARN_UNREACHABLE_CODE = YES;
				CLANG_WARN__DUPLICATE_METHOD_MATCH = YES;
				"CODE_SIGN_IDENTITY[sdk=iphoneos*]" = "iPhone Developer";
				COPY_PHASE_STRIP = NO;
				ENABLE_STRICT_OBJC_MSGSEND = YES;
				ENABLE_TESTABILITY = YES;
				GCC_C_LANGUAGE_STANDARD = gnu99;
				GCC_DYNAMIC_NO_PIC = NO;
				GCC_NO_COMMON_BLOCKS = YES;
				GCC_OPTIMIZATION_LEVEL = 0;
				GCC_PREPROCESSOR_DEFINITIONS = (
					"DEBUG=1",
					"$(inherited)",
				);
				GCC_SYMBOLS_PRIVATE_EXTERN = NO;
				GCC_WARN_64_TO_32_BIT_CONVERSION = YES;
				GCC_WARN_ABOUT_RETURN_TYPE = YES_ERROR;
				GCC_WARN_UNDECLARED_SELECTOR = YES;
				GCC_WARN_UNINITIALIZED_AUTOS = YES_AGGRESSIVE;
				GCC_WARN_UNUSED_FUNCTION = YES;
				GCC_WARN_UNUSED_VARIABLE = YES;
				IPHONEOS_DEPLOYMENT_TARGET = 12.0;
				ONLY_ACTIVE_ARCH = YES;
				OTHER_LDFLAGS = "";
				SDKROOT = iphoneos;
				TARGETED_DEVICE_FAMILY = "1,2";
				USER_HEADER_SEARCH_PATHS = "";
				VALID_ARCHS = "$(ARCHS_STANDARD)";
			};
			name = QA;
		};
		96CB435E1D129A3D00552745 /* QA */ = {
			isa = XCBuildConfiguration;
			baseConfigurationReference = 16A57E743B1A519087997489 /* Pods-WhiteLabels-MobileAppLoginSample.qa.xcconfig */;
			buildSettings = {
				ALWAYS_SEARCH_USER_PATHS = YES;
				ASSETCATALOG_COMPILER_APPICON_NAME = AppIcon;
				ASSETCATALOG_COMPILER_LAUNCHIMAGE_NAME = LaunchImage;
				CODE_SIGN_IDENTITY = "iPhone Developer";
				"CODE_SIGN_IDENTITY[sdk=iphoneos*]" = "iPhone Developer";
				CURRENT_PROJECT_VERSION = 99;
				DEVELOPMENT_TEAM = "";
				ENABLE_BITCODE = NO;
				FRAMEWORK_SEARCH_PATHS = "$(inherited)";
				GCC_PRECOMPILE_PREFIX_HEADER = YES;
				GCC_PREFIX_HEADER = "MobileAppLoginSample/MobileAppLoginSample-Prefix.pch";
				GCC_PREPROCESSOR_DEFINITIONS = (
					"$(inherited)",
					"NOTIFICATIONS=1",
				);
				HEADER_SEARCH_PATHS = "$(inherited)/**";
				INFOPLIST_FILE = "$(SRCROOT)/Info.plist";
				IPHONEOS_DEPLOYMENT_TARGET = 12.0;
				LD_RUNPATH_SEARCH_PATHS = "$(inherited) @executable_path/Frameworks";
				LIBRARY_SEARCH_PATHS = "$(inherited)";
				New_Setting = "";
				PRODUCT_BUNDLE_IDENTIFIER = com.miracl.sampleapp;
				PRODUCT_NAME = "In-App-Login";
				PROVISIONING_PROFILE = "";
				PROVISIONING_PROFILE_SPECIFIER = "";
				TARGETED_DEVICE_FAMILY = 1;
				USER_HEADER_SEARCH_PATHS = "../../**";
				VERSIONING_SYSTEM = "apple-generic";
				WRAPPER_EXTENSION = app;
			};
			name = QA;
		};
		FE49004A1A1A3CEB000030A4 /* Debug */ = {
			isa = XCBuildConfiguration;
			buildSettings = {
				ALWAYS_SEARCH_USER_PATHS = NO;
				CLANG_ANALYZER_LOCALIZABILITY_NONLOCALIZED = YES;
				CLANG_CXX_LANGUAGE_STANDARD = "gnu++0x";
				CLANG_CXX_LIBRARY = "libc++";
				CLANG_ENABLE_MODULES = YES;
				CLANG_ENABLE_OBJC_ARC = YES;
				CLANG_WARN_BLOCK_CAPTURE_AUTORELEASING = YES;
				CLANG_WARN_BOOL_CONVERSION = YES;
				CLANG_WARN_COMMA = YES;
				CLANG_WARN_CONSTANT_CONVERSION = YES;
				CLANG_WARN_DEPRECATED_OBJC_IMPLEMENTATIONS = YES;
				CLANG_WARN_DIRECT_OBJC_ISA_USAGE = YES_ERROR;
				CLANG_WARN_EMPTY_BODY = YES;
				CLANG_WARN_ENUM_CONVERSION = YES;
				CLANG_WARN_INFINITE_RECURSION = YES;
				CLANG_WARN_INT_CONVERSION = YES;
				CLANG_WARN_NON_LITERAL_NULL_CONVERSION = YES;
				CLANG_WARN_OBJC_IMPLICIT_RETAIN_SELF = YES;
				CLANG_WARN_OBJC_LITERAL_CONVERSION = YES;
				CLANG_WARN_OBJC_ROOT_CLASS = YES_ERROR;
				CLANG_WARN_RANGE_LOOP_ANALYSIS = YES;
				CLANG_WARN_STRICT_PROTOTYPES = YES;
				CLANG_WARN_SUSPICIOUS_MOVE = YES;
				CLANG_WARN_UNREACHABLE_CODE = YES;
				CLANG_WARN__DUPLICATE_METHOD_MATCH = YES;
				"CODE_SIGN_IDENTITY[sdk=iphoneos*]" = "iPhone Developer";
				COPY_PHASE_STRIP = NO;
				ENABLE_STRICT_OBJC_MSGSEND = YES;
				ENABLE_TESTABILITY = YES;
				GCC_C_LANGUAGE_STANDARD = gnu99;
				GCC_DYNAMIC_NO_PIC = NO;
				GCC_NO_COMMON_BLOCKS = YES;
				GCC_OPTIMIZATION_LEVEL = 0;
				GCC_PREPROCESSOR_DEFINITIONS = (
					"DEBUG=1",
					"$(inherited)",
				);
				GCC_SYMBOLS_PRIVATE_EXTERN = NO;
				GCC_WARN_64_TO_32_BIT_CONVERSION = YES;
				GCC_WARN_ABOUT_RETURN_TYPE = YES_ERROR;
				GCC_WARN_UNDECLARED_SELECTOR = YES;
				GCC_WARN_UNINITIALIZED_AUTOS = YES_AGGRESSIVE;
				GCC_WARN_UNUSED_FUNCTION = YES;
				GCC_WARN_UNUSED_VARIABLE = YES;
				IPHONEOS_DEPLOYMENT_TARGET = 12.0;
				ONLY_ACTIVE_ARCH = YES;
				OTHER_LDFLAGS = "";
				SDKROOT = iphoneos;
				TARGETED_DEVICE_FAMILY = "1,2";
				USER_HEADER_SEARCH_PATHS = "";
				VALID_ARCHS = "$(ARCHS_STANDARD)";
			};
			name = Debug;
		};
/* End XCBuildConfiguration section */

/* Begin XCConfigurationList section */
		966D42DF1BDF674B0095913D /* Build configuration list for PBXNativeTarget "MobileAppLoginSample" */ = {
			isa = XCConfigurationList;
			buildConfigurations = (
				966D42E01BDF674B0095913D /* Debug */,
				96CB435E1D129A3D00552745 /* QA */,
				966D42E21BDF674B0095913D /* Release */,
				966D42E31BDF674B0095913D /* AppStore */,
				966D42E41BDF674B0095913D /* AdHoc */,
			);
			defaultConfigurationIsVisible = 0;
			defaultConfigurationName = Debug;
		};
		FE4900121A1A3CEB000030A4 /* Build configuration list for PBXProject "MobileAppLoginSample" */ = {
			isa = XCConfigurationList;
			buildConfigurations = (
				FE49004A1A1A3CEB000030A4 /* Debug */,
				96CB435D1D129A3D00552745 /* QA */,
				969D25B01ACD331C0035294E /* Release */,
				9660534D1ACD38B60003DE7D /* AppStore */,
				966053511ACD38C00003DE7D /* AdHoc */,
			);
			defaultConfigurationIsVisible = 0;
			defaultConfigurationName = Debug;
		};
/* End XCConfigurationList section */
	};
	rootObject = FE49000F1A1A3CEB000030A4 /* Project object */;
}
