// !$*UTF8*$!
{
	archiveVersion = 1;
	classes = {
	};
	objectVersion = 46;
	objects = {

/* Begin PBXBuildFile section */
		39DBB9321DE43D5900D62925 /* SystemConfiguration.framework in Frameworks */ = {isa = PBXBuildFile; fileRef = 39DBB9311DE43D5900D62925 /* SystemConfiguration.framework */; };
		39DBB9341DE43D6600D62925 /* AVFoundation.framework in Frameworks */ = {isa = PBXBuildFile; fileRef = 39DBB9331DE43D6600D62925 /* AVFoundation.framework */; };
		8A254F070204B66815EA14FC /* libPods-WhiteLabels-WebsiteLogin.a in Frameworks */ = {isa = PBXBuildFile; fileRef = 9BDB923F3F3F12909282D724 /* libPods-WhiteLabels-WebsiteLogin.a */; };
		966D42B71BDF674B0095913D /* libc++.tbd in Frameworks */ = {isa = PBXBuildFile; fileRef = 9620FB301BBAAF8A00DC15EF /* libc++.tbd */; };
		B066BF672250C5C60054BAA9 /* QRViewController.m in Sources */ = {isa = PBXBuildFile; fileRef = FE91464C1E3F716C00ED8F65 /* QRViewController.m */; };
		B066BF682250C5C60054BAA9 /* SuperViewController.m in Sources */ = {isa = PBXBuildFile; fileRef = FEC33C801DE5E93700F8EFF0 /* SuperViewController.m */; };
		B066BF692250C5C60054BAA9 /* RegisterViewController.m in Sources */ = {isa = PBXBuildFile; fileRef = FEC33C6C1DE43D3000F8EFF0 /* RegisterViewController.m */; };
		B066BF6A2250C5C60054BAA9 /* PinPadViewController.m in Sources */ = {isa = PBXBuildFile; fileRef = FEC33C771DE48B8300F8EFF0 /* PinPadViewController.m */; };
		B066BF6B2250C5C60054BAA9 /* SuccessfulViewController.m in Sources */ = {isa = PBXBuildFile; fileRef = FEC33C7A1DE5B79F00F8EFF0 /* SuccessfulViewController.m */; };
		B066BF6C2250C5C60054BAA9 /* LoginSuccessfulViewController.m in Sources */ = {isa = PBXBuildFile; fileRef = FEC33C7D1DE5DFE000F8EFF0 /* LoginSuccessfulViewController.m */; };
		B066BF6D2250C5CA0054BAA9 /* Utils.m in Sources */ = {isa = PBXBuildFile; fileRef = FEC33C741DE4722800F8EFF0 /* Utils.m */; };
		B066BF6E2250C5CA0054BAA9 /* ErrorHandler.m in Sources */ = {isa = PBXBuildFile; fileRef = FEC33C711DE451B200F8EFF0 /* ErrorHandler.m */; };
		B0B370C5227885AC00E4BCA5 /* MpinSdk.framework in Frameworks */ = {isa = PBXBuildFile; fileRef = B0B370C4227885AC00E4BCA5 /* MpinSdk.framework */; };
		B0B370C6227885B800E4BCA5 /* MpinSdk.framework in Frameworks */ = {isa = PBXBuildFile; fileRef = B0B370C4227885AC00E4BCA5 /* MpinSdk.framework */; };
		B0B370C7227885B800E4BCA5 /* MpinSdk.framework in Embed Frameworks */ = {isa = PBXBuildFile; fileRef = B0B370C4227885AC00E4BCA5 /* MpinSdk.framework */; settings = {ATTRIBUTES = (CodeSignOnCopy, RemoveHeadersOnCopy, ); }; };
		B0FB40412265D63600A015C2 /* main.m in Sources */ = {isa = PBXBuildFile; fileRef = B0FB40402265D63600A015C2 /* main.m */; };
		B0FB40462265D64000A015C2 /* Main.storyboard in Resources */ = {isa = PBXBuildFile; fileRef = B0FB40422265D64000A015C2 /* Main.storyboard */; };
		B0FB40472265D64000A015C2 /* LaunchScreen.storyboard in Resources */ = {isa = PBXBuildFile; fileRef = B0FB40442265D64000A015C2 /* LaunchScreen.storyboard */; };
		B0FB7DE722676C8C00FB560E /* Config.m in Sources */ = {isa = PBXBuildFile; fileRef = B0FB7DE622676C8C00FB560E /* Config.m */; };
		FEBBC0681C5F88270011001A /* AppDelegate.m in Sources */ = {isa = PBXBuildFile; fileRef = FEBBBFED1C5F88270011001A /* AppDelegate.m */; };
		FEC33C6F1DE444E500F8EFF0 /* Images.xcassets in Resources */ = {isa = PBXBuildFile; fileRef = FEC33C6E1DE444E500F8EFF0 /* Images.xcassets */; };
/* End PBXBuildFile section */

/* Begin PBXCopyFilesBuildPhase section */
		B0C2E474225DFAFD00E614E1 /* Embed Frameworks */ = {
			isa = PBXCopyFilesBuildPhase;
			buildActionMask = 2147483647;
			dstPath = "";
			dstSubfolderSpec = 10;
			files = (
				B0B370C7227885B800E4BCA5 /* MpinSdk.framework in Embed Frameworks */,
			);
			name = "Embed Frameworks";
			runOnlyForDeploymentPostprocessing = 0;
		};
/* End PBXCopyFilesBuildPhase section */

/* Begin PBXFileReference section */
		39BB1B9B1DE2FC2600F05831 /* Info.plist */ = {isa = PBXFileReference; fileEncoding = 4; lastKnownFileType = text.plist.xml; path = Info.plist; sourceTree = "<group>"; };
		39DBB9311DE43D5900D62925 /* SystemConfiguration.framework */ = {isa = PBXFileReference; lastKnownFileType = wrapper.framework; name = SystemConfiguration.framework; path = System/Library/Frameworks/SystemConfiguration.framework; sourceTree = SDKROOT; };
		39DBB9331DE43D6600D62925 /* AVFoundation.framework */ = {isa = PBXFileReference; lastKnownFileType = wrapper.framework; name = AVFoundation.framework; path = System/Library/Frameworks/AVFoundation.framework; sourceTree = SDKROOT; };
		5C88417012C07A9C72654B2B /* Pods-WhiteLabels-WebsiteLogin.debug.xcconfig */ = {isa = PBXFileReference; includeInIndex = 1; lastKnownFileType = text.xcconfig; name = "Pods-WhiteLabels-WebsiteLogin.debug.xcconfig"; path = "../Pods/Target Support Files/Pods-WhiteLabels-WebsiteLogin/Pods-WhiteLabels-WebsiteLogin.debug.xcconfig"; sourceTree = "<group>"; };
		7170094E7E6E46EF61FBDB12 /* Pods-WhiteLabels-Milagro.debug.xcconfig */ = {isa = PBXFileReference; includeInIndex = 1; lastKnownFileType = text.xcconfig; name = "Pods-WhiteLabels-Milagro.debug.xcconfig"; path = "../Pods/Target Support Files/Pods-WhiteLabels-Milagro/Pods-WhiteLabels-Milagro.debug.xcconfig"; sourceTree = "<group>"; };
		768BDB0C025910D536C23251 /* Pods-WhiteLabels-WebsiteLogin.release.xcconfig */ = {isa = PBXFileReference; includeInIndex = 1; lastKnownFileType = text.xcconfig; name = "Pods-WhiteLabels-WebsiteLogin.release.xcconfig"; path = "../Pods/Target Support Files/Pods-WhiteLabels-WebsiteLogin/Pods-WhiteLabels-WebsiteLogin.release.xcconfig"; sourceTree = "<group>"; };
		9620FB301BBAAF8A00DC15EF /* libc++.tbd */ = {isa = PBXFileReference; lastKnownFileType = "sourcecode.text-based-dylib-definition"; name = "libc++.tbd"; path = "usr/lib/libc++.tbd"; sourceTree = SDKROOT; };
		966D42E51BDF674B0095913D /* Sample App.app */ = {isa = PBXFileReference; explicitFileType = wrapper.application; includeInIndex = 0; path = "Sample App.app"; sourceTree = BUILT_PRODUCTS_DIR; };
		9BDB923F3F3F12909282D724 /* libPods-WhiteLabels-WebsiteLogin.a */ = {isa = PBXFileReference; explicitFileType = archive.ar; includeInIndex = 0; path = "libPods-WhiteLabels-WebsiteLogin.a"; sourceTree = BUILT_PRODUCTS_DIR; };
		9D95999DB87889960A98067B /* Pods-WhiteLabels-Milagro.appstore.xcconfig */ = {isa = PBXFileReference; includeInIndex = 1; lastKnownFileType = text.xcconfig; name = "Pods-WhiteLabels-Milagro.appstore.xcconfig"; path = "../Pods/Target Support Files/Pods-WhiteLabels-Milagro/Pods-WhiteLabels-Milagro.appstore.xcconfig"; sourceTree = "<group>"; };
		B0B370C4227885AC00E4BCA5 /* MpinSdk.framework */ = {isa = PBXFileReference; lastKnownFileType = wrapper.framework; path = MpinSdk.framework; sourceTree = "<group>"; };
		B0FB40402265D63600A015C2 /* main.m */ = {isa = PBXFileReference; fileEncoding = 4; lastKnownFileType = sourcecode.c.objc; name = main.m; path = WebsiteLogin/main.m; sourceTree = "<group>"; };
		B0FB40432265D64000A015C2 /* Base */ = {isa = PBXFileReference; lastKnownFileType = file.storyboard; name = Base; path = WebsiteLogin/Base.lproj/Main.storyboard; sourceTree = "<group>"; };
		B0FB40452265D64000A015C2 /* Base */ = {isa = PBXFileReference; lastKnownFileType = file.storyboard; name = Base; path = WebsiteLogin/Base.lproj/LaunchScreen.storyboard; sourceTree = "<group>"; };
		B0FB7DE522676C8C00FB560E /* Config.h */ = {isa = PBXFileReference; lastKnownFileType = sourcecode.c.h; path = Config.h; sourceTree = "<group>"; };
		B0FB7DE622676C8C00FB560E /* Config.m */ = {isa = PBXFileReference; lastKnownFileType = sourcecode.c.objc; path = Config.m; sourceTree = "<group>"; };
		C9AE20E51D9216F75AC5AF7D /* Pods-WhiteLabels-WebsiteLogin.adhoc.xcconfig */ = {isa = PBXFileReference; includeInIndex = 1; lastKnownFileType = text.xcconfig; name = "Pods-WhiteLabels-WebsiteLogin.adhoc.xcconfig"; path = "../Pods/Target Support Files/Pods-WhiteLabels-WebsiteLogin/Pods-WhiteLabels-WebsiteLogin.adhoc.xcconfig"; sourceTree = "<group>"; };
		D21BF8E5D65CF1E7E9F0FA60 /* Pods-WhiteLabels-WebsiteLogin.appstore.xcconfig */ = {isa = PBXFileReference; includeInIndex = 1; lastKnownFileType = text.xcconfig; name = "Pods-WhiteLabels-WebsiteLogin.appstore.xcconfig"; path = "../Pods/Target Support Files/Pods-WhiteLabels-WebsiteLogin/Pods-WhiteLabels-WebsiteLogin.appstore.xcconfig"; sourceTree = "<group>"; };
		DA6042AA2F910A3D7087D0F0 /* Pods-WhiteLabels-Milagro.qa.xcconfig */ = {isa = PBXFileReference; includeInIndex = 1; lastKnownFileType = text.xcconfig; name = "Pods-WhiteLabels-Milagro.qa.xcconfig"; path = "../Pods/Target Support Files/Pods-WhiteLabels-Milagro/Pods-WhiteLabels-Milagro.qa.xcconfig"; sourceTree = "<group>"; };
		DC813C5F9BFE2678ACECBD73 /* Pods-WhiteLabels-WebsiteLogin.qa.xcconfig */ = {isa = PBXFileReference; includeInIndex = 1; lastKnownFileType = text.xcconfig; name = "Pods-WhiteLabels-WebsiteLogin.qa.xcconfig"; path = "../Pods/Target Support Files/Pods-WhiteLabels-WebsiteLogin/Pods-WhiteLabels-WebsiteLogin.qa.xcconfig"; sourceTree = "<group>"; };
		F4783CAED134EAA73090B790 /* Pods-WhiteLabels-Milagro.release.xcconfig */ = {isa = PBXFileReference; includeInIndex = 1; lastKnownFileType = text.xcconfig; name = "Pods-WhiteLabels-Milagro.release.xcconfig"; path = "../Pods/Target Support Files/Pods-WhiteLabels-Milagro/Pods-WhiteLabels-Milagro.release.xcconfig"; sourceTree = "<group>"; };
		F5EBCFD978797205E0FC6E27 /* Pods-WhiteLabels-Milagro.adhoc.xcconfig */ = {isa = PBXFileReference; includeInIndex = 1; lastKnownFileType = text.xcconfig; name = "Pods-WhiteLabels-Milagro.adhoc.xcconfig"; path = "../Pods/Target Support Files/Pods-WhiteLabels-Milagro/Pods-WhiteLabels-Milagro.adhoc.xcconfig"; sourceTree = "<group>"; };
		FE91464B1E3F716C00ED8F65 /* QRViewController.h */ = {isa = PBXFileReference; fileEncoding = 4; lastKnownFileType = sourcecode.c.h; name = QRViewController.h; path = ../src/QRViewController.h; sourceTree = "<group>"; };
		FE91464C1E3F716C00ED8F65 /* QRViewController.m */ = {isa = PBXFileReference; fileEncoding = 4; lastKnownFileType = sourcecode.c.objc; name = QRViewController.m; path = ../src/QRViewController.m; sourceTree = "<group>"; };
		FEBBBFEC1C5F88270011001A /* AppDelegate.h */ = {isa = PBXFileReference; fileEncoding = 4; lastKnownFileType = sourcecode.c.h; name = AppDelegate.h; path = ../src/AppDelegate.h; sourceTree = "<group>"; };
		FEBBBFED1C5F88270011001A /* AppDelegate.m */ = {isa = PBXFileReference; fileEncoding = 4; lastKnownFileType = sourcecode.c.objc; name = AppDelegate.m; path = ../src/AppDelegate.m; sourceTree = "<group>"; };
		FEC33C6B1DE43D3000F8EFF0 /* RegisterViewController.h */ = {isa = PBXFileReference; fileEncoding = 4; lastKnownFileType = sourcecode.c.h; name = RegisterViewController.h; path = ../src/RegisterViewController.h; sourceTree = "<group>"; };
		FEC33C6C1DE43D3000F8EFF0 /* RegisterViewController.m */ = {isa = PBXFileReference; fileEncoding = 4; lastKnownFileType = sourcecode.c.objc; name = RegisterViewController.m; path = ../src/RegisterViewController.m; sourceTree = "<group>"; };
		FEC33C6E1DE444E500F8EFF0 /* Images.xcassets */ = {isa = PBXFileReference; lastKnownFileType = folder.assetcatalog; path = Images.xcassets; sourceTree = "<group>"; };
		FEC33C701DE451B200F8EFF0 /* ErrorHandler.h */ = {isa = PBXFileReference; fileEncoding = 4; lastKnownFileType = sourcecode.c.h; name = ErrorHandler.h; path = ../src/ErrorHandler.h; sourceTree = "<group>"; };
		FEC33C711DE451B200F8EFF0 /* ErrorHandler.m */ = {isa = PBXFileReference; fileEncoding = 4; lastKnownFileType = sourcecode.c.objc; name = ErrorHandler.m; path = ../src/ErrorHandler.m; sourceTree = "<group>"; };
		FEC33C731DE4722800F8EFF0 /* Utils.h */ = {isa = PBXFileReference; fileEncoding = 4; lastKnownFileType = sourcecode.c.h; name = Utils.h; path = ../src/Utils.h; sourceTree = "<group>"; };
		FEC33C741DE4722800F8EFF0 /* Utils.m */ = {isa = PBXFileReference; fileEncoding = 4; lastKnownFileType = sourcecode.c.objc; name = Utils.m; path = ../src/Utils.m; sourceTree = "<group>"; };
		FEC33C761DE48B8300F8EFF0 /* PinPadViewController.h */ = {isa = PBXFileReference; fileEncoding = 4; lastKnownFileType = sourcecode.c.h; name = PinPadViewController.h; path = ../src/PinPadViewController.h; sourceTree = "<group>"; };
		FEC33C771DE48B8300F8EFF0 /* PinPadViewController.m */ = {isa = PBXFileReference; fileEncoding = 4; lastKnownFileType = sourcecode.c.objc; name = PinPadViewController.m; path = ../src/PinPadViewController.m; sourceTree = "<group>"; };
		FEC33C791DE5B79F00F8EFF0 /* SuccessfulViewController.h */ = {isa = PBXFileReference; fileEncoding = 4; lastKnownFileType = sourcecode.c.h; name = SuccessfulViewController.h; path = ../src/SuccessfulViewController.h; sourceTree = "<group>"; };
		FEC33C7A1DE5B79F00F8EFF0 /* SuccessfulViewController.m */ = {isa = PBXFileReference; fileEncoding = 4; lastKnownFileType = sourcecode.c.objc; name = SuccessfulViewController.m; path = ../src/SuccessfulViewController.m; sourceTree = "<group>"; };
		FEC33C7C1DE5DFE000F8EFF0 /* LoginSuccessfulViewController.h */ = {isa = PBXFileReference; fileEncoding = 4; lastKnownFileType = sourcecode.c.h; name = LoginSuccessfulViewController.h; path = ../src/LoginSuccessfulViewController.h; sourceTree = "<group>"; };
		FEC33C7D1DE5DFE000F8EFF0 /* LoginSuccessfulViewController.m */ = {isa = PBXFileReference; fileEncoding = 4; lastKnownFileType = sourcecode.c.objc; name = LoginSuccessfulViewController.m; path = ../src/LoginSuccessfulViewController.m; sourceTree = "<group>"; };
		FEC33C7F1DE5E93700F8EFF0 /* SuperViewController.h */ = {isa = PBXFileReference; fileEncoding = 4; lastKnownFileType = sourcecode.c.h; name = SuperViewController.h; path = ../src/SuperViewController.h; sourceTree = "<group>"; };
		FEC33C801DE5E93700F8EFF0 /* SuperViewController.m */ = {isa = PBXFileReference; fileEncoding = 4; lastKnownFileType = sourcecode.c.objc; name = SuperViewController.m; path = ../src/SuperViewController.m; sourceTree = "<group>"; };
/* End PBXFileReference section */

/* Begin PBXFrameworksBuildPhase section */
		966D42B61BDF674B0095913D /* Frameworks */ = {
			isa = PBXFrameworksBuildPhase;
			buildActionMask = 2147483647;
			files = (
				B0B370C5227885AC00E4BCA5 /* MpinSdk.framework in Frameworks */,
				B0B370C6227885B800E4BCA5 /* MpinSdk.framework in Frameworks */,
				39DBB9341DE43D6600D62925 /* AVFoundation.framework in Frameworks */,
				39DBB9321DE43D5900D62925 /* SystemConfiguration.framework in Frameworks */,
				966D42B71BDF674B0095913D /* libc++.tbd in Frameworks */,
				8A254F070204B66815EA14FC /* libPods-WhiteLabels-WebsiteLogin.a in Frameworks */,
			);
			runOnlyForDeploymentPostprocessing = 0;
		};
/* End PBXFrameworksBuildPhase section */

/* Begin PBXGroup section */
		81CD8D8F9FA244C998C416A2 /* Pods */ = {
			isa = PBXGroup;
			children = (
				7170094E7E6E46EF61FBDB12 /* Pods-WhiteLabels-Milagro.debug.xcconfig */,
				DA6042AA2F910A3D7087D0F0 /* Pods-WhiteLabels-Milagro.qa.xcconfig */,
				F4783CAED134EAA73090B790 /* Pods-WhiteLabels-Milagro.release.xcconfig */,
				9D95999DB87889960A98067B /* Pods-WhiteLabels-Milagro.appstore.xcconfig */,
				F5EBCFD978797205E0FC6E27 /* Pods-WhiteLabels-Milagro.adhoc.xcconfig */,
				5C88417012C07A9C72654B2B /* Pods-WhiteLabels-WebsiteLogin.debug.xcconfig */,
				DC813C5F9BFE2678ACECBD73 /* Pods-WhiteLabels-WebsiteLogin.qa.xcconfig */,
				768BDB0C025910D536C23251 /* Pods-WhiteLabels-WebsiteLogin.release.xcconfig */,
				D21BF8E5D65CF1E7E9F0FA60 /* Pods-WhiteLabels-WebsiteLogin.appstore.xcconfig */,
				C9AE20E51D9216F75AC5AF7D /* Pods-WhiteLabels-WebsiteLogin.adhoc.xcconfig */,
			);
			name = Pods;
			sourceTree = "<group>";
		};
		FE49000E1A1A3CEB000030A4 = {
			isa = PBXGroup;
			children = (
				B0FB7DE522676C8C00FB560E /* Config.h */,
				B0FB7DE622676C8C00FB560E /* Config.m */,
				FEC33C731DE4722800F8EFF0 /* Utils.h */,
				FEC33C741DE4722800F8EFF0 /* Utils.m */,
				FEC33C701DE451B200F8EFF0 /* ErrorHandler.h */,
				FEC33C711DE451B200F8EFF0 /* ErrorHandler.m */,
				FEC33C6E1DE444E500F8EFF0 /* Images.xcassets */,
				39BB1B9B1DE2FC2600F05831 /* Info.plist */,
				FEBBBFEC1C5F88270011001A /* AppDelegate.h */,
				FEBBBFED1C5F88270011001A /* AppDelegate.m */,
				B0FB40402265D63600A015C2 /* main.m */,
				FE91464B1E3F716C00ED8F65 /* QRViewController.h */,
				FE91464C1E3F716C00ED8F65 /* QRViewController.m */,
				FEC33C7F1DE5E93700F8EFF0 /* SuperViewController.h */,
				FEC33C801DE5E93700F8EFF0 /* SuperViewController.m */,
				FEC33C6B1DE43D3000F8EFF0 /* RegisterViewController.h */,
				FEC33C6C1DE43D3000F8EFF0 /* RegisterViewController.m */,
				FEC33C761DE48B8300F8EFF0 /* PinPadViewController.h */,
				FEC33C771DE48B8300F8EFF0 /* PinPadViewController.m */,
				FEC33C791DE5B79F00F8EFF0 /* SuccessfulViewController.h */,
				FEC33C7A1DE5B79F00F8EFF0 /* SuccessfulViewController.m */,
				FEC33C7C1DE5DFE000F8EFF0 /* LoginSuccessfulViewController.h */,
				FEC33C7D1DE5DFE000F8EFF0 /* LoginSuccessfulViewController.m */,
				B0FB40442265D64000A015C2 /* LaunchScreen.storyboard */,
				B0FB40422265D64000A015C2 /* Main.storyboard */,
				FE4900191A1A3CEB000030A4 /* Frameworks */,
				FE4900181A1A3CEB000030A4 /* Products */,
				81CD8D8F9FA244C998C416A2 /* Pods */,
			);
			sourceTree = "<group>";
		};
		FE4900181A1A3CEB000030A4 /* Products */ = {
			isa = PBXGroup;
			children = (
				966D42E51BDF674B0095913D /* Sample App.app */,
			);
			name = Products;
			sourceTree = "<group>";
		};
		FE4900191A1A3CEB000030A4 /* Frameworks */ = {
			isa = PBXGroup;
			children = (
				B0B370C4227885AC00E4BCA5 /* MpinSdk.framework */,
				39DBB9331DE43D6600D62925 /* AVFoundation.framework */,
				39DBB9311DE43D5900D62925 /* SystemConfiguration.framework */,
				9620FB301BBAAF8A00DC15EF /* libc++.tbd */,
				9BDB923F3F3F12909282D724 /* libPods-WhiteLabels-WebsiteLogin.a */,
			);
			name = Frameworks;
			sourceTree = "<group>";
		};
/* End PBXGroup section */

/* Begin PBXNativeTarget section */
		966D42821BDF674B0095913D /* WebsiteLogin */ = {
			isa = PBXNativeTarget;
			buildConfigurationList = 966D42DF1BDF674B0095913D /* Build configuration list for PBXNativeTarget "WebsiteLogin" */;
			buildPhases = (
				106D9C3F51C8C5E02B7C37B1 /* [CP] Check Pods Manifest.lock */,
				966D42851BDF674B0095913D /* Sources */,
				966D42B61BDF674B0095913D /* Frameworks */,
				966D42C61BDF674B0095913D /* Resources */,
				8799931EEEF3160ACB05D0E9 /* [CP] Copy Pods Resources */,
				B0C2E474225DFAFD00E614E1 /* Embed Frameworks */,
			);
			buildRules = (
			);
			dependencies = (
			);
			name = WebsiteLogin;
			productName = MPinApp;
			productReference = 966D42E51BDF674B0095913D /* Sample App.app */;
			productType = "com.apple.product-type.application";
		};
/* End PBXNativeTarget section */

/* Begin PBXProject section */
		FE49000F1A1A3CEB000030A4 /* Project object */ = {
			isa = PBXProject;
			attributes = {
				LastUpgradeCheck = 0820;
				ORGANIZATIONNAME = MIRACL;
				TargetAttributes = {
					966D42821BDF674B0095913D = {
						DevelopmentTeam = WF6XYF7P2L;
						ProvisioningStyle = Manual;
						SystemCapabilities = {
							com.apple.BackgroundModes = {
								enabled = 0;
							};
							com.apple.Push = {
								enabled = 0;
							};
						};
					};
				};
			};
			buildConfigurationList = FE4900121A1A3CEB000030A4 /* Build configuration list for PBXProject "WebsiteLogin" */;
			compatibilityVersion = "Xcode 3.2";
			developmentRegion = English;
			hasScannedForEncodings = 0;
			knownRegions = (
				English,
				en,
				Base,
				ja,
			);
			mainGroup = FE49000E1A1A3CEB000030A4;
			productRefGroup = FE4900181A1A3CEB000030A4 /* Products */;
			projectDirPath = "";
			projectRoot = "";
			targets = (
				966D42821BDF674B0095913D /* WebsiteLogin */,
			);
		};
/* End PBXProject section */

/* Begin PBXResourcesBuildPhase section */
		966D42C61BDF674B0095913D /* Resources */ = {
			isa = PBXResourcesBuildPhase;
			buildActionMask = 2147483647;
			files = (
				B0FB40472265D64000A015C2 /* LaunchScreen.storyboard in Resources */,
				FEC33C6F1DE444E500F8EFF0 /* Images.xcassets in Resources */,
				B0FB40462265D64000A015C2 /* Main.storyboard in Resources */,
			);
			runOnlyForDeploymentPostprocessing = 0;
		};
/* End PBXResourcesBuildPhase section */

/* Begin PBXShellScriptBuildPhase section */
		106D9C3F51C8C5E02B7C37B1 /* [CP] Check Pods Manifest.lock */ = {
			isa = PBXShellScriptBuildPhase;
			buildActionMask = 2147483647;
			files = (
			);
			inputPaths = (
				"${PODS_PODFILE_DIR_PATH}/Podfile.lock",
				"${PODS_ROOT}/Manifest.lock",
			);
			name = "[CP] Check Pods Manifest.lock";
			outputPaths = (
				"$(DERIVED_FILE_DIR)/Pods-WhiteLabels-WebsiteLogin-checkManifestLockResult.txt",
			);
			runOnlyForDeploymentPostprocessing = 0;
			shellPath = /bin/sh;
			shellScript = "diff \"${PODS_PODFILE_DIR_PATH}/Podfile.lock\" \"${PODS_ROOT}/Manifest.lock\" > /dev/null\nif [ $? != 0 ] ; then\n    # print error to STDERR\n    echo \"error: The sandbox is not in sync with the Podfile.lock. Run 'pod install' or update your CocoaPods installation.\" >&2\n    exit 1\nfi\n# This output is used by Xcode 'outputs' to avoid re-running this script phase.\necho \"SUCCESS\" > \"${SCRIPT_OUTPUT_FILE_0}\"\n";
			showEnvVarsInLog = 0;
		};
		8799931EEEF3160ACB05D0E9 /* [CP] Copy Pods Resources */ = {
			isa = PBXShellScriptBuildPhase;
			buildActionMask = 2147483647;
			files = (
			);
			inputPaths = (
				"${SRCROOT}/../Pods/Target Support Files/Pods-WhiteLabels-WebsiteLogin/Pods-WhiteLabels-WebsiteLogin-resources.sh",
				"${PODS_ROOT}/ATMHud@dhoerl/11-x.png",
				"${PODS_ROOT}/ATMHud@dhoerl/19-check.png",
			);
			name = "[CP] Copy Pods Resources";
			outputPaths = (
				"${TARGET_BUILD_DIR}/${UNLOCALIZED_RESOURCES_FOLDER_PATH}/11-x.png",
				"${TARGET_BUILD_DIR}/${UNLOCALIZED_RESOURCES_FOLDER_PATH}/19-check.png",
			);
			runOnlyForDeploymentPostprocessing = 0;
			shellPath = /bin/sh;
			shellScript = "\"${SRCROOT}/../Pods/Target Support Files/Pods-WhiteLabels-WebsiteLogin/Pods-WhiteLabels-WebsiteLogin-resources.sh\"\n";
			showEnvVarsInLog = 0;
		};
/* End PBXShellScriptBuildPhase section */

/* Begin PBXSourcesBuildPhase section */
		966D42851BDF674B0095913D /* Sources */ = {
			isa = PBXSourcesBuildPhase;
			buildActionMask = 2147483647;
			files = (
				B0FB40412265D63600A015C2 /* main.m in Sources */,
				B066BF6D2250C5CA0054BAA9 /* Utils.m in Sources */,
				B066BF692250C5C60054BAA9 /* RegisterViewController.m in Sources */,
				B066BF672250C5C60054BAA9 /* QRViewController.m in Sources */,
				B066BF6C2250C5C60054BAA9 /* LoginSuccessfulViewController.m in Sources */,
				B066BF6B2250C5C60054BAA9 /* SuccessfulViewController.m in Sources */,
				FEBBC0681C5F88270011001A /* AppDelegate.m in Sources */,
				B066BF682250C5C60054BAA9 /* SuperViewController.m in Sources */,
				B0FB7DE722676C8C00FB560E /* Config.m in Sources */,
				B066BF6A2250C5C60054BAA9 /* PinPadViewController.m in Sources */,
				B066BF6E2250C5CA0054BAA9 /* ErrorHandler.m in Sources */,
			);
			runOnlyForDeploymentPostprocessing = 0;
		};
/* End PBXSourcesBuildPhase section */

/* Begin PBXVariantGroup section */
		B0FB40422265D64000A015C2 /* Main.storyboard */ = {
			isa = PBXVariantGroup;
			children = (
				B0FB40432265D64000A015C2 /* Base */,
			);
			name = Main.storyboard;
			sourceTree = "<group>";
		};
		B0FB40442265D64000A015C2 /* LaunchScreen.storyboard */ = {
			isa = PBXVariantGroup;
			children = (
				B0FB40452265D64000A015C2 /* Base */,
			);
			name = LaunchScreen.storyboard;
			sourceTree = "<group>";
		};
/* End PBXVariantGroup section */

/* Begin XCBuildConfiguration section */
		9660534D1ACD38B60003DE7D /* AppStore */ = {
			isa = XCBuildConfiguration;
			buildSettings = {
				ALWAYS_SEARCH_USER_PATHS = NO;
				CLANG_ANALYZER_LOCALIZABILITY_NONLOCALIZED = YES;
				CLANG_CXX_LANGUAGE_STANDARD = "gnu++0x";
				CLANG_CXX_LIBRARY = "libc++";
				CLANG_ENABLE_MODULES = YES;
				CLANG_ENABLE_OBJC_ARC = YES;
				CLANG_WARN_BOOL_CONVERSION = YES;
				CLANG_WARN_CONSTANT_CONVERSION = YES;
				CLANG_WARN_DIRECT_OBJC_ISA_USAGE = YES_ERROR;
				CLANG_WARN_EMPTY_BODY = YES;
				CLANG_WARN_ENUM_CONVERSION = YES;
				CLANG_WARN_INFINITE_RECURSION = YES;
				CLANG_WARN_INT_CONVERSION = YES;
				CLANG_WARN_OBJC_ROOT_CLASS = YES_ERROR;
				CLANG_WARN_SUSPICIOUS_MOVE = YES;
				CLANG_WARN_UNREACHABLE_CODE = YES;
				CLANG_WARN__DUPLICATE_METHOD_MATCH = YES;
				"CODE_SIGN_IDENTITY[sdk=iphoneos*]" = "";
				COPY_PHASE_STRIP = YES;
				ENABLE_NS_ASSERTIONS = NO;
				ENABLE_STRICT_OBJC_MSGSEND = YES;
				GCC_C_LANGUAGE_STANDARD = gnu99;
				GCC_NO_COMMON_BLOCKS = YES;
				GCC_WARN_64_TO_32_BIT_CONVERSION = YES;
				GCC_WARN_ABOUT_RETURN_TYPE = YES_ERROR;
				GCC_WARN_UNDECLARED_SELECTOR = YES;
				GCC_WARN_UNINITIALIZED_AUTOS = YES_AGGRESSIVE;
				GCC_WARN_UNUSED_FUNCTION = YES;
				GCC_WARN_UNUSED_VARIABLE = YES;
				IPHONEOS_DEPLOYMENT_TARGET = 8.0;
				OTHER_LDFLAGS = "";
				SDKROOT = iphoneos;
				TARGETED_DEVICE_FAMILY = "1,2";
				USER_HEADER_SEARCH_PATHS = "";
				VALIDATE_PRODUCT = YES;
			};
			name = AppStore;
		};
		966053511ACD38C00003DE7D /* AdHoc */ = {
			isa = XCBuildConfiguration;
			buildSettings = {
				ALWAYS_SEARCH_USER_PATHS = NO;
				CLANG_ANALYZER_LOCALIZABILITY_NONLOCALIZED = YES;
				CLANG_CXX_LANGUAGE_STANDARD = "gnu++0x";
				CLANG_CXX_LIBRARY = "libc++";
				CLANG_ENABLE_MODULES = YES;
				CLANG_ENABLE_OBJC_ARC = YES;
				CLANG_WARN_BOOL_CONVERSION = YES;
				CLANG_WARN_CONSTANT_CONVERSION = YES;
				CLANG_WARN_DIRECT_OBJC_ISA_USAGE = YES_ERROR;
				CLANG_WARN_EMPTY_BODY = YES;
				CLANG_WARN_ENUM_CONVERSION = YES;
				CLANG_WARN_INFINITE_RECURSION = YES;
				CLANG_WARN_INT_CONVERSION = YES;
				CLANG_WARN_OBJC_ROOT_CLASS = YES_ERROR;
				CLANG_WARN_SUSPICIOUS_MOVE = YES;
				CLANG_WARN_UNREACHABLE_CODE = YES;
				CLANG_WARN__DUPLICATE_METHOD_MATCH = YES;
				"CODE_SIGN_IDENTITY[sdk=iphoneos*]" = "iPhone Developer";
				COPY_PHASE_STRIP = YES;
				ENABLE_NS_ASSERTIONS = NO;
				ENABLE_STRICT_OBJC_MSGSEND = YES;
				GCC_C_LANGUAGE_STANDARD = gnu99;
				GCC_NO_COMMON_BLOCKS = YES;
				GCC_WARN_64_TO_32_BIT_CONVERSION = YES;
				GCC_WARN_ABOUT_RETURN_TYPE = YES_ERROR;
				GCC_WARN_UNDECLARED_SELECTOR = YES;
				GCC_WARN_UNINITIALIZED_AUTOS = YES_AGGRESSIVE;
				GCC_WARN_UNUSED_FUNCTION = YES;
				GCC_WARN_UNUSED_VARIABLE = YES;
				IPHONEOS_DEPLOYMENT_TARGET = 8.0;
				OTHER_LDFLAGS = "";
				SDKROOT = iphoneos;
				TARGETED_DEVICE_FAMILY = "1,2";
				USER_HEADER_SEARCH_PATHS = "";
				VALIDATE_PRODUCT = YES;
			};
			name = AdHoc;
		};
		966D42E01BDF674B0095913D /* Debug */ = {
			isa = XCBuildConfiguration;
			baseConfigurationReference = 5C88417012C07A9C72654B2B /* Pods-WhiteLabels-WebsiteLogin.debug.xcconfig */;
			buildSettings = {
				ALWAYS_SEARCH_USER_PATHS = NO;
				ASSETCATALOG_COMPILER_APPICON_NAME = AppIcon;
				ASSETCATALOG_COMPILER_LAUNCHIMAGE_NAME = LaunchImage;
				CODE_SIGN_IDENTITY = "iPhone Developer";
				"CODE_SIGN_IDENTITY[sdk=iphoneos*]" = "iPhone Developer";
				CURRENT_PROJECT_VERSION = 99;
				DEVELOPMENT_TEAM = WF6XYF7P2L;
				ENABLE_BITCODE = NO;
				FRAMEWORK_SEARCH_PATHS = (
					"$(inherited)",
					"$(PROJECT_DIR)",
					"../../**",
				);
				GCC_INPUT_FILETYPE = sourcecode.cpp.objcpp;
				GCC_PRECOMPILE_PREFIX_HEADER = YES;
				GCC_PREFIX_HEADER = "WebsiteLogin/WebsiteLogin-Prefix.pch";
				GCC_PREPROCESSOR_DEFINITIONS = (
					"$(inherited)",
					"NOTIFICATIONS=1",
				);
				HEADER_SEARCH_PATHS = "$(inherited)/**";
				INFOPLIST_FILE = "$(SRCROOT)/Info.plist";
				IPHONEOS_DEPLOYMENT_TARGET = 8.0;
				LD_RUNPATH_SEARCH_PATHS = "$(inherited) @executable_path/Frameworks";
				LIBRARY_SEARCH_PATHS = "$(inherited)";
				New_Setting = "";
				PRODUCT_BUNDLE_IDENTIFIER = com.miracl.ios.t4mbeta;
				PRODUCT_NAME = "Sample App";
				PROVISIONING_PROFILE = "5f6bbc77-08a2-4854-bc8e-66aeb2a799b2";
				PROVISIONING_PROFILE_SPECIFIER = TCB4MIRACL;
				TARGETED_DEVICE_FAMILY = 1;
				USER_HEADER_SEARCH_PATHS = "../../**";
				VALID_ARCHS = arm64;
				VERSIONING_SYSTEM = "apple-generic";
				WRAPPER_EXTENSION = app;
			};
			name = Debug;
		};
		966D42E21BDF674B0095913D /* Release */ = {
			isa = XCBuildConfiguration;
			baseConfigurationReference = 768BDB0C025910D536C23251 /* Pods-WhiteLabels-WebsiteLogin.release.xcconfig */;
			buildSettings = {
				ALWAYS_SEARCH_USER_PATHS = NO;
				ASSETCATALOG_COMPILER_APPICON_NAME = AppIcon;
				ASSETCATALOG_COMPILER_LAUNCHIMAGE_NAME = LaunchImage;
				CODE_SIGN_IDENTITY = "iPhone Developer";
				"CODE_SIGN_IDENTITY[sdk=iphoneos*]" = "iPhone Developer";
				CURRENT_PROJECT_VERSION = 99;
				DEVELOPMENT_TEAM = "";
				ENABLE_BITCODE = NO;
				FRAMEWORK_SEARCH_PATHS = (
					"$(inherited)",
					"$(PROJECT_DIR)",
					"../../**",
				);
				GCC_INPUT_FILETYPE = sourcecode.cpp.objcpp;
				GCC_PRECOMPILE_PREFIX_HEADER = YES;
				GCC_PREFIX_HEADER = "WebsiteLogin/WebsiteLogin-Prefix.pch";
				GCC_PREPROCESSOR_DEFINITIONS = (
					"$(inherited)",
					"NOTIFICATIONS=1",
				);
				HEADER_SEARCH_PATHS = "$(inherited)/**";
				INFOPLIST_FILE = "$(SRCROOT)/Info.plist";
				IPHONEOS_DEPLOYMENT_TARGET = 8.0;
				LD_RUNPATH_SEARCH_PATHS = "$(inherited) @executable_path/Frameworks";
				LIBRARY_SEARCH_PATHS = "$(inherited)";
				New_Setting = "";
				PRODUCT_BUNDLE_IDENTIFIER = com.miracl.ios.t4mbeta;
				PRODUCT_NAME = "Sample App";
				PROVISIONING_PROFILE = "";
				PROVISIONING_PROFILE_SPECIFIER = "";
				TARGETED_DEVICE_FAMILY = 1;
				USER_HEADER_SEARCH_PATHS = "../../**";
				VALID_ARCHS = arm64;
				VERSIONING_SYSTEM = "apple-generic";
				WRAPPER_EXTENSION = app;
			};
			name = Release;
		};
		966D42E31BDF674B0095913D /* AppStore */ = {
			isa = XCBuildConfiguration;
			baseConfigurationReference = D21BF8E5D65CF1E7E9F0FA60 /* Pods-WhiteLabels-WebsiteLogin.appstore.xcconfig */;
			buildSettings = {
				ALWAYS_SEARCH_USER_PATHS = NO;
				ASSETCATALOG_COMPILER_APPICON_NAME = AppIcon;
				ASSETCATALOG_COMPILER_LAUNCHIMAGE_NAME = LaunchImage;
				CODE_SIGN_IDENTITY = "iPhone Developer";
				"CODE_SIGN_IDENTITY[sdk=iphoneos*]" = "iPhone Developer";
				CURRENT_PROJECT_VERSION = 99;
				DEVELOPMENT_TEAM = "";
				ENABLE_BITCODE = NO;
				FRAMEWORK_SEARCH_PATHS = (
					"$(inherited)",
					"$(PROJECT_DIR)",
					"../../**",
				);
				GCC_INPUT_FILETYPE = sourcecode.cpp.objcpp;
				GCC_PRECOMPILE_PREFIX_HEADER = YES;
				GCC_PREFIX_HEADER = "WebsiteLogin/WebsiteLogin-Prefix.pch";
				GCC_PREPROCESSOR_DEFINITIONS = (
					"$(inherited)",
					"NOTIFICATIONS=1",
				);
				HEADER_SEARCH_PATHS = "$(inherited)/**";
				INFOPLIST_FILE = "$(SRCROOT)/Info.plist";
				IPHONEOS_DEPLOYMENT_TARGET = 8.0;
				LD_RUNPATH_SEARCH_PATHS = "$(inherited) @executable_path/Frameworks";
				LIBRARY_SEARCH_PATHS = "$(inherited)";
				New_Setting = "";
				PRODUCT_BUNDLE_IDENTIFIER = com.miracl.ios.t4mbeta;
				PRODUCT_NAME = "Sample App";
				PROVISIONING_PROFILE_SPECIFIER = "";
				TARGETED_DEVICE_FAMILY = 1;
				USER_HEADER_SEARCH_PATHS = "../../**";
				VALID_ARCHS = arm64;
				VERSIONING_SYSTEM = "apple-generic";
				WRAPPER_EXTENSION = app;
			};
			name = AppStore;
		};
		966D42E41BDF674B0095913D /* AdHoc */ = {
			isa = XCBuildConfiguration;
			baseConfigurationReference = C9AE20E51D9216F75AC5AF7D /* Pods-WhiteLabels-WebsiteLogin.adhoc.xcconfig */;
			buildSettings = {
				ALWAYS_SEARCH_USER_PATHS = NO;
				ASSETCATALOG_COMPILER_APPICON_NAME = AppIcon;
				ASSETCATALOG_COMPILER_LAUNCHIMAGE_NAME = LaunchImage;
				CODE_SIGN_IDENTITY = "iPhone Developer";
				"CODE_SIGN_IDENTITY[sdk=iphoneos*]" = "iPhone Developer";
				CURRENT_PROJECT_VERSION = 99;
				DEVELOPMENT_TEAM = "";
				ENABLE_BITCODE = NO;
				FRAMEWORK_SEARCH_PATHS = (
					"$(inherited)",
					"$(PROJECT_DIR)",
					"../../**",
				);
				GCC_INPUT_FILETYPE = sourcecode.cpp.objcpp;
				GCC_PRECOMPILE_PREFIX_HEADER = YES;
				GCC_PREFIX_HEADER = "WebsiteLogin/WebsiteLogin-Prefix.pch";
				GCC_PREPROCESSOR_DEFINITIONS = (
					"$(inherited)",
					"NOTIFICATIONS=1",
				);
				HEADER_SEARCH_PATHS = "$(inherited)/**";
				INFOPLIST_FILE = "$(SRCROOT)/Info.plist";
				IPHONEOS_DEPLOYMENT_TARGET = 8.0;
				LD_RUNPATH_SEARCH_PATHS = "$(inherited) @executable_path/Frameworks";
				LIBRARY_SEARCH_PATHS = "$(inherited)";
				New_Setting = "";
				PRODUCT_BUNDLE_IDENTIFIER = com.miracl.ios.t4mbeta;
				PRODUCT_NAME = "Sample App";
				PROVISIONING_PROFILE_SPECIFIER = "";
				TARGETED_DEVICE_FAMILY = 1;
				USER_HEADER_SEARCH_PATHS = "../../**";
				VALID_ARCHS = arm64;
				VERSIONING_SYSTEM = "apple-generic";
				WRAPPER_EXTENSION = app;
			};
			name = AdHoc;
		};
		969D25B01ACD331C0035294E /* Release */ = {
			isa = XCBuildConfiguration;
			buildSettings = {
				ALWAYS_SEARCH_USER_PATHS = NO;
				CLANG_ANALYZER_LOCALIZABILITY_NONLOCALIZED = YES;
				CLANG_CXX_LANGUAGE_STANDARD = "gnu++0x";
				CLANG_CXX_LIBRARY = "libc++";
				CLANG_ENABLE_MODULES = YES;
				CLANG_ENABLE_OBJC_ARC = YES;
				CLANG_WARN_BOOL_CONVERSION = YES;
				CLANG_WARN_CONSTANT_CONVERSION = YES;
				CLANG_WARN_DIRECT_OBJC_ISA_USAGE = YES_ERROR;
				CLANG_WARN_EMPTY_BODY = YES;
				CLANG_WARN_ENUM_CONVERSION = YES;
				CLANG_WARN_INFINITE_RECURSION = YES;
				CLANG_WARN_INT_CONVERSION = YES;
				CLANG_WARN_OBJC_ROOT_CLASS = YES_ERROR;
				CLANG_WARN_SUSPICIOUS_MOVE = YES;
				CLANG_WARN_UNREACHABLE_CODE = YES;
				CLANG_WARN__DUPLICATE_METHOD_MATCH = YES;
				"CODE_SIGN_IDENTITY[sdk=iphoneos*]" = "iPhone Developer";
				COPY_PHASE_STRIP = YES;
				ENABLE_NS_ASSERTIONS = NO;
				ENABLE_STRICT_OBJC_MSGSEND = YES;
				GCC_C_LANGUAGE_STANDARD = gnu99;
				GCC_NO_COMMON_BLOCKS = YES;
				GCC_WARN_64_TO_32_BIT_CONVERSION = YES;
				GCC_WARN_ABOUT_RETURN_TYPE = YES_ERROR;
				GCC_WARN_UNDECLARED_SELECTOR = YES;
				GCC_WARN_UNINITIALIZED_AUTOS = YES_AGGRESSIVE;
				GCC_WARN_UNUSED_FUNCTION = YES;
				GCC_WARN_UNUSED_VARIABLE = YES;
				IPHONEOS_DEPLOYMENT_TARGET = 8.0;
				OTHER_LDFLAGS = "";
				SDKROOT = iphoneos;
				TARGETED_DEVICE_FAMILY = "1,2";
				USER_HEADER_SEARCH_PATHS = "";
				VALIDATE_PRODUCT = YES;
			};
			name = Release;
		};
		96CB435D1D129A3D00552745 /* QA */ = {
			isa = XCBuildConfiguration;
			buildSettings = {
				ALWAYS_SEARCH_USER_PATHS = NO;
				CLANG_ANALYZER_LOCALIZABILITY_NONLOCALIZED = YES;
				CLANG_CXX_LANGUAGE_STANDARD = "gnu++0x";
				CLANG_CXX_LIBRARY = "libc++";
				CLANG_ENABLE_MODULES = YES;
				CLANG_ENABLE_OBJC_ARC = YES;
				CLANG_WARN_BOOL_CONVERSION = YES;
				CLANG_WARN_CONSTANT_CONVERSION = YES;
				CLANG_WARN_DIRECT_OBJC_ISA_USAGE = YES_ERROR;
				CLANG_WARN_EMPTY_BODY = YES;
				CLANG_WARN_ENUM_CONVERSION = YES;
				CLANG_WARN_INFINITE_RECURSION = YES;
				CLANG_WARN_INT_CONVERSION = YES;
				CLANG_WARN_OBJC_ROOT_CLASS = YES_ERROR;
				CLANG_WARN_SUSPICIOUS_MOVE = YES;
				CLANG_WARN_UNREACHABLE_CODE = YES;
				CLANG_WARN__DUPLICATE_METHOD_MATCH = YES;
				"CODE_SIGN_IDENTITY[sdk=iphoneos*]" = "iPhone Developer";
				COPY_PHASE_STRIP = NO;
				ENABLE_STRICT_OBJC_MSGSEND = YES;
				ENABLE_TESTABILITY = YES;
				GCC_C_LANGUAGE_STANDARD = gnu99;
				GCC_DYNAMIC_NO_PIC = NO;
				GCC_NO_COMMON_BLOCKS = YES;
				GCC_OPTIMIZATION_LEVEL = 0;
				GCC_PREPROCESSOR_DEFINITIONS = (
					"DEBUG=1",
					"$(inherited)",
				);
				GCC_SYMBOLS_PRIVATE_EXTERN = NO;
				GCC_WARN_64_TO_32_BIT_CONVERSION = YES;
				GCC_WARN_ABOUT_RETURN_TYPE = YES_ERROR;
				GCC_WARN_UNDECLARED_SELECTOR = YES;
				GCC_WARN_UNINITIALIZED_AUTOS = YES_AGGRESSIVE;
				GCC_WARN_UNUSED_FUNCTION = YES;
				GCC_WARN_UNUSED_VARIABLE = YES;
				IPHONEOS_DEPLOYMENT_TARGET = 8.0;
				ONLY_ACTIVE_ARCH = YES;
				OTHER_LDFLAGS = "";
				SDKROOT = iphoneos;
				TARGETED_DEVICE_FAMILY = "1,2";
				USER_HEADER_SEARCH_PATHS = "";
			};
			name = QA;
		};
		96CB435E1D129A3D00552745 /* QA */ = {
			isa = XCBuildConfiguration;
			baseConfigurationReference = DC813C5F9BFE2678ACECBD73 /* Pods-WhiteLabels-WebsiteLogin.qa.xcconfig */;
			buildSettings = {
				ALWAYS_SEARCH_USER_PATHS = NO;
				ASSETCATALOG_COMPILER_APPICON_NAME = AppIcon;
				ASSETCATALOG_COMPILER_LAUNCHIMAGE_NAME = LaunchImage;
				CODE_SIGN_IDENTITY = "iPhone Developer";
				"CODE_SIGN_IDENTITY[sdk=iphoneos*]" = "iPhone Developer";
				CURRENT_PROJECT_VERSION = 99;
				DEVELOPMENT_TEAM = "";
				ENABLE_BITCODE = NO;
				FRAMEWORK_SEARCH_PATHS = (
					"$(inherited)",
					"$(PROJECT_DIR)",
					"../../**",
				);
				GCC_INPUT_FILETYPE = sourcecode.cpp.objcpp;
				GCC_PRECOMPILE_PREFIX_HEADER = YES;
				GCC_PREFIX_HEADER = "WebsiteLogin/WebsiteLogin-Prefix.pch";
				GCC_PREPROCESSOR_DEFINITIONS = (
					"$(inherited)",
					"NOTIFICATIONS=1",
				);
				HEADER_SEARCH_PATHS = "$(inherited)/**";
				INFOPLIST_FILE = "$(SRCROOT)/Info.plist";
				IPHONEOS_DEPLOYMENT_TARGET = 8.0;
				LD_RUNPATH_SEARCH_PATHS = "$(inherited) @executable_path/Frameworks";
				LIBRARY_SEARCH_PATHS = "$(inherited)";
				New_Setting = "";
				PRODUCT_BUNDLE_IDENTIFIER = com.miracl.ios.t4mbeta;
				PRODUCT_NAME = "Sample App";
				PROVISIONING_PROFILE = "";
				PROVISIONING_PROFILE_SPECIFIER = "";
				TARGETED_DEVICE_FAMILY = 1;
				USER_HEADER_SEARCH_PATHS = "../../**";
				VALID_ARCHS = arm64;
				VERSIONING_SYSTEM = "apple-generic";
				WRAPPER_EXTENSION = app;
			};
			name = QA;
		};
		FE49004A1A1A3CEB000030A4 /* Debug */ = {
			isa = XCBuildConfiguration;
			buildSettings = {
				ALWAYS_SEARCH_USER_PATHS = NO;
				CLANG_ANALYZER_LOCALIZABILITY_NONLOCALIZED = YES;
				CLANG_CXX_LANGUAGE_STANDARD = "gnu++0x";
				CLANG_CXX_LIBRARY = "libc++";
				CLANG_ENABLE_MODULES = YES;
				CLANG_ENABLE_OBJC_ARC = YES;
				CLANG_WARN_BOOL_CONVERSION = YES;
				CLANG_WARN_CONSTANT_CONVERSION = YES;
				CLANG_WARN_DIRECT_OBJC_ISA_USAGE = YES_ERROR;
				CLANG_WARN_EMPTY_BODY = YES;
				CLANG_WARN_ENUM_CONVERSION = YES;
				CLANG_WARN_INFINITE_RECURSION = YES;
				CLANG_WARN_INT_CONVERSION = YES;
				CLANG_WARN_OBJC_ROOT_CLASS = YES_ERROR;
				CLANG_WARN_SUSPICIOUS_MOVE = YES;
				CLANG_WARN_UNREACHABLE_CODE = YES;
				CLANG_WARN__DUPLICATE_METHOD_MATCH = YES;
				"CODE_SIGN_IDENTITY[sdk=iphoneos*]" = "iPhone Developer";
				COPY_PHASE_STRIP = NO;
				ENABLE_STRICT_OBJC_MSGSEND = YES;
				ENABLE_TESTABILITY = YES;
				GCC_C_LANGUAGE_STANDARD = gnu99;
				GCC_DYNAMIC_NO_PIC = NO;
				GCC_NO_COMMON_BLOCKS = YES;
				GCC_OPTIMIZATION_LEVEL = 0;
				GCC_PREPROCESSOR_DEFINITIONS = (
					"DEBUG=1",
					"$(inherited)",
				);
				GCC_SYMBOLS_PRIVATE_EXTERN = NO;
				GCC_WARN_64_TO_32_BIT_CONVERSION = YES;
				GCC_WARN_ABOUT_RETURN_TYPE = YES_ERROR;
				GCC_WARN_UNDECLARED_SELECTOR = YES;
				GCC_WARN_UNINITIALIZED_AUTOS = YES_AGGRESSIVE;
				GCC_WARN_UNUSED_FUNCTION = YES;
				GCC_WARN_UNUSED_VARIABLE = YES;
				IPHONEOS_DEPLOYMENT_TARGET = 8.0;
				ONLY_ACTIVE_ARCH = YES;
				OTHER_LDFLAGS = "";
				SDKROOT = iphoneos;
				TARGETED_DEVICE_FAMILY = "1,2";
				USER_HEADER_SEARCH_PATHS = "";
			};
			name = Debug;
		};
/* End XCBuildConfiguration section */

/* Begin XCConfigurationList section */
		966D42DF1BDF674B0095913D /* Build configuration list for PBXNativeTarget "WebsiteLogin" */ = {
			isa = XCConfigurationList;
			buildConfigurations = (
				966D42E01BDF674B0095913D /* Debug */,
				96CB435E1D129A3D00552745 /* QA */,
				966D42E21BDF674B0095913D /* Release */,
				966D42E31BDF674B0095913D /* AppStore */,
				966D42E41BDF674B0095913D /* AdHoc */,
			);
			defaultConfigurationIsVisible = 0;
			defaultConfigurationName = Debug;
		};
		FE4900121A1A3CEB000030A4 /* Build configuration list for PBXProject "WebsiteLogin" */ = {
			isa = XCConfigurationList;
			buildConfigurations = (
				FE49004A1A1A3CEB000030A4 /* Debug */,
				96CB435D1D129A3D00552745 /* QA */,
				969D25B01ACD331C0035294E /* Release */,
				9660534D1ACD38B60003DE7D /* AppStore */,
				966053511ACD38C00003DE7D /* AdHoc */,
			);
			defaultConfigurationIsVisible = 0;
			defaultConfigurationName = Debug;
		};
/* End XCConfigurationList section */
	};
	rootObject = FE49000F1A1A3CEB000030A4 /* Project object */;
}
